// !$*UTF8*$!
{
	archiveVersion = 1;
	classes = {
	};
	objectVersion = 46;
	objects = {

/* Begin PBXBuildFile section */
		0405DC0E1CFC140C003F2741 /* SpeechViewController.m in Sources */ = {isa = PBXBuildFile; fileRef = 0405DC0D1CFC140C003F2741 /* SpeechViewController.m */; };
		0405DC101CFC1465003F2741 /* iflyMSC.framework in Frameworks */ = {isa = PBXBuildFile; fileRef = 0405DC0F1CFC1465003F2741 /* iflyMSC.framework */; };
		0405DC131CFC18B1003F2741 /* CoreGraphics.framework in Frameworks */ = {isa = PBXBuildFile; fileRef = 0405DC121CFC18B1003F2741 /* CoreGraphics.framework */; };
		0405DC151CFC18B8003F2741 /* libz.tbd in Frameworks */ = {isa = PBXBuildFile; fileRef = 0405DC141CFC18B8003F2741 /* libz.tbd */; };
		0405DC1C1CFC1A5C003F2741 /* ISRDataHelper.m in Sources */ = {isa = PBXBuildFile; fileRef = 0405DC1B1CFC1A5C003F2741 /* ISRDataHelper.m */; };
		0405DC1E1CFC1B5F003F2741 /* Foundation.framework in Frameworks */ = {isa = PBXBuildFile; fileRef = 0405DC1D1CFC1B5F003F2741 /* Foundation.framework */; };
		0405DC201CFC1B69003F2741 /* UIKit.framework in Frameworks */ = {isa = PBXBuildFile; fileRef = 0405DC1F1CFC1B69003F2741 /* UIKit.framework */; };
		0405DC221CFC1B71003F2741 /* QuartzCore.framework in Frameworks */ = {isa = PBXBuildFile; fileRef = 0405DC211CFC1B71003F2741 /* QuartzCore.framework */; };
		0405DC241CFC1B7B003F2741 /* SystemConfiguration.framework in Frameworks */ = {isa = PBXBuildFile; fileRef = 0405DC231CFC1B7B003F2741 /* SystemConfiguration.framework */; };
		0405DC261CFC1B81003F2741 /* AudioToolbox.framework in Frameworks */ = {isa = PBXBuildFile; fileRef = 0405DC251CFC1B81003F2741 /* AudioToolbox.framework */; };
		0405DC281CFC1B88003F2741 /* AddressBook.framework in Frameworks */ = {isa = PBXBuildFile; fileRef = 0405DC271CFC1B88003F2741 /* AddressBook.framework */; };
		0405DC2A1CFC1B8F003F2741 /* AVFoundation.framework in Frameworks */ = {isa = PBXBuildFile; fileRef = 0405DC291CFC1B8F003F2741 /* AVFoundation.framework */; };
		0405DC2C1CFC1B97003F2741 /* CoreTelephony.framework in Frameworks */ = {isa = PBXBuildFile; fileRef = 0405DC2B1CFC1B97003F2741 /* CoreTelephony.framework */; };
		0405DC2E1CFC1B9E003F2741 /* CoreLocation.framework in Frameworks */ = {isa = PBXBuildFile; fileRef = 0405DC2D1CFC1B9E003F2741 /* CoreLocation.framework */; };
		0405DC3B1CFC4519003F2741 /* ValueChangeViewController.m in Sources */ = {isa = PBXBuildFile; fileRef = 0405DC3A1CFC4519003F2741 /* ValueChangeViewController.m */; };
		041328091D0549EB0042CFE8 /* SectionViewController.m in Sources */ = {isa = PBXBuildFile; fileRef = 041328081D0549EB0042CFE8 /* SectionViewController.m */; };
		0413280C1D054A900042CFE8 /* BCSectionViewController.m in Sources */ = {isa = PBXBuildFile; fileRef = 0413280B1D054A900042CFE8 /* BCSectionViewController.m */; };
		0413280F1D055F010042CFE8 /* BCClearCache.m in Sources */ = {isa = PBXBuildFile; fileRef = 0413280E1D055F010042CFE8 /* BCClearCache.m */; };
		0413282E1D056F270042CFE8 /* LocalConnection.m in Sources */ = {isa = PBXBuildFile; fileRef = 041328131D056F270042CFE8 /* LocalConnection.m */; };
		0413282F1D056F270042CFE8 /* FSMEngine.m in Sources */ = {isa = PBXBuildFile; fileRef = 041328171D056F270042CFE8 /* FSMEngine.m */; };
		041328301D056F270042CFE8 /* FSMStateUtil.m in Sources */ = {isa = PBXBuildFile; fileRef = 041328191D056F270042CFE8 /* FSMStateUtil.m */; };
		041328311D056F270042CFE8 /* ReachState.m in Sources */ = {isa = PBXBuildFile; fileRef = 0413281B1D056F270042CFE8 /* ReachState.m */; };
		041328321D056F270042CFE8 /* ReachStateLoading.m in Sources */ = {isa = PBXBuildFile; fileRef = 0413281D1D056F270042CFE8 /* ReachStateLoading.m */; };
		041328331D056F270042CFE8 /* ReachStateUnloaded.m in Sources */ = {isa = PBXBuildFile; fileRef = 0413281F1D056F270042CFE8 /* ReachStateUnloaded.m */; };
		041328341D056F270042CFE8 /* ReachStateUnReachable.m in Sources */ = {isa = PBXBuildFile; fileRef = 041328211D056F270042CFE8 /* ReachStateUnReachable.m */; };
		041328351D056F270042CFE8 /* ReachStateWIFI.m in Sources */ = {isa = PBXBuildFile; fileRef = 041328231D056F270042CFE8 /* ReachStateWIFI.m */; };
		041328361D056F270042CFE8 /* ReachStateWWAN.m in Sources */ = {isa = PBXBuildFile; fileRef = 041328251D056F270042CFE8 /* ReachStateWWAN.m */; };
		041328371D056F270042CFE8 /* PingFoundation.m in Sources */ = {isa = PBXBuildFile; fileRef = 041328281D056F270042CFE8 /* PingFoundation.m */; };
		041328381D056F270042CFE8 /* PingHelper.m in Sources */ = {isa = PBXBuildFile; fileRef = 0413282A1D056F270042CFE8 /* PingHelper.m */; };
		041328391D056F270042CFE8 /* README.md in Sources */ = {isa = PBXBuildFile; fileRef = 0413282B1D056F270042CFE8 /* README.md */; };
		0413283A1D056F270042CFE8 /* RealReachability.m in Sources */ = {isa = PBXBuildFile; fileRef = 0413282D1D056F270042CFE8 /* RealReachability.m */; };
		043BF9541CD8676100372213 /* main.m in Sources */ = {isa = PBXBuildFile; fileRef = 043BF9531CD8676100372213 /* main.m */; };
		043BF9571CD8676100372213 /* AppDelegate.m in Sources */ = {isa = PBXBuildFile; fileRef = 043BF9561CD8676100372213 /* AppDelegate.m */; };
		043BF95A1CD8676100372213 /* ViewController.m in Sources */ = {isa = PBXBuildFile; fileRef = 043BF9591CD8676100372213 /* ViewController.m */; };
		043BF95F1CD8676100372213 /* Assets.xcassets in Resources */ = {isa = PBXBuildFile; fileRef = 043BF95E1CD8676100372213 /* Assets.xcassets */; };
		043BF9621CD8676100372213 /* LaunchScreen.storyboard in Resources */ = {isa = PBXBuildFile; fileRef = 043BF9601CD8676100372213 /* LaunchScreen.storyboard */; };
		043BF96D1CD8676100372213 /* BCAnimationKitTests.m in Sources */ = {isa = PBXBuildFile; fileRef = 043BF96C1CD8676100372213 /* BCAnimationKitTests.m */; };
		043BF9781CD8676100372213 /* BCAnimationKitUITests.m in Sources */ = {isa = PBXBuildFile; fileRef = 043BF9771CD8676100372213 /* BCAnimationKitUITests.m */; };
		043BF9861CD8699800372213 /* head.jpg in Resources */ = {isa = PBXBuildFile; fileRef = 043BF9851CD8699800372213 /* head.jpg */; };
		044552A31D0D2954001298D9 /* SpeechToTextViewController.m in Sources */ = {isa = PBXBuildFile; fileRef = 044552A21D0D2954001298D9 /* SpeechToTextViewController.m */; };
		0471D2511CF52FD000A0C8CB /* TableScaleViewController.m in Sources */ = {isa = PBXBuildFile; fileRef = 0471D2501CF52FD000A0C8CB /* TableScaleViewController.m */; };
		0471D2541CF530F300A0C8CB /* BCTableViewCell.m in Sources */ = {isa = PBXBuildFile; fileRef = 0471D2531CF530F300A0C8CB /* BCTableViewCell.m */; };
		048BA6DB1CF3E55A00185CAD /* BCCell.m in Sources */ = {isa = PBXBuildFile; fileRef = 048BA6D91CF3E55A00185CAD /* BCCell.m */; };
		048BA6DC1CF3E55A00185CAD /* BCCell.xib in Resources */ = {isa = PBXBuildFile; fileRef = 048BA6DA1CF3E55A00185CAD /* BCCell.xib */; };
		048FDB6D1CD9863F00F10826 /* BaseViewController.m in Sources */ = {isa = PBXBuildFile; fileRef = 048FDB6C1CD9863F00F10826 /* BaseViewController.m */; };
		048FDB701CD986B100F10826 /* DropEnlargeViewControler.m in Sources */ = {isa = PBXBuildFile; fileRef = 048FDB6F1CD986B100F10826 /* DropEnlargeViewControler.m */; };
		048FDB731CD991AA00F10826 /* NavbarGradientViewController.m in Sources */ = {isa = PBXBuildFile; fileRef = 048FDB721CD991AA00F10826 /* NavbarGradientViewController.m */; };
		048FECFB1CDB4E7D00629D42 /* DiffuseButtonViewController.m in Sources */ = {isa = PBXBuildFile; fileRef = 048FECFA1CDB4E7D00629D42 /* DiffuseButtonViewController.m */; };
		04911D051CE07F550004A5A4 /* NonCopyViewController.m in Sources */ = {isa = PBXBuildFile; fileRef = 04911D041CE07F550004A5A4 /* NonCopyViewController.m */; };
		04911D081CE07FDE0004A5A4 /* CustomTextView.m in Sources */ = {isa = PBXBuildFile; fileRef = 04911D071CE07FDE0004A5A4 /* CustomTextView.m */; };
		0492CC791CFFCE2A0027066B /* UIViewController+Test.m in Sources */ = {isa = PBXBuildFile; fileRef = 0492CC781CFFCE2A0027066B /* UIViewController+Test.m */; };
		0492CC831CFFFC6D0027066B /* TransformViewController.m in Sources */ = {isa = PBXBuildFile; fileRef = 0492CC821CFFFC6D0027066B /* TransformViewController.m */; };
		0492CC861D0002B10027066B /* SecondViewController.m in Sources */ = {isa = PBXBuildFile; fileRef = 0492CC851D0002B10027066B /* SecondViewController.m */; };
		0492CC941D002C830027066B /* PuchaseCarViewController.m in Sources */ = {isa = PBXBuildFile; fileRef = 0492CC931D002C830027066B /* PuchaseCarViewController.m */; };
		04A2EC171CF5493200DF79B7 /* whiteDown.png in Resources */ = {isa = PBXBuildFile; fileRef = 04A2EC151CF5493200DF79B7 /* whiteDown.png */; };
		04A2EC181CF5493200DF79B7 /* whiteTop.png in Resources */ = {isa = PBXBuildFile; fileRef = 04A2EC161CF5493200DF79B7 /* whiteTop.png */; };
		04A2EC1C1CF567EE00DF79B7 /* MessageViewController.m in Sources */ = {isa = PBXBuildFile; fileRef = 04A2EC1B1CF567EE00DF79B7 /* MessageViewController.m */; };
		04A2EC1E1CF56A0200DF79B7 /* chat_bg_default.jpg in Resources */ = {isa = PBXBuildFile; fileRef = 04A2EC1D1CF56A0200DF79B7 /* chat_bg_default.jpg */; };
		04A2EC211CF56ACB00DF79B7 /* MessageCell.m in Sources */ = {isa = PBXBuildFile; fileRef = 04A2EC201CF56ACB00DF79B7 /* MessageCell.m */; };
		04A2EC241CF56DF200DF79B7 /* MessageModel.m in Sources */ = {isa = PBXBuildFile; fileRef = 04A2EC231CF56DF200DF79B7 /* MessageModel.m */; };
		04A2EC271CF5716A00DF79B7 /* chatfrom_bg_normal.png in Resources */ = {isa = PBXBuildFile; fileRef = 04A2EC251CF5716A00DF79B7 /* chatfrom_bg_normal.png */; };
		04A2EC281CF5716A00DF79B7 /* chatto_bg_normal.png in Resources */ = {isa = PBXBuildFile; fileRef = 04A2EC261CF5716A00DF79B7 /* chatto_bg_normal.png */; };
		04A2EC2B1CF5769F00DF79B7 /* MessageFrame.m in Sources */ = {isa = PBXBuildFile; fileRef = 04A2EC2A1CF5769F00DF79B7 /* MessageFrame.m */; };
		04A2EC2E1CF5943000DF79B7 /* MessageEnterView.m in Sources */ = {isa = PBXBuildFile; fileRef = 04A2EC2D1CF5943000DF79B7 /* MessageEnterView.m */; };
		04A2EC301CF5995C00DF79B7 /* icon_sendsound@3x.png in Resources */ = {isa = PBXBuildFile; fileRef = 04A2EC2F1CF5995C00DF79B7 /* icon_sendsound@3x.png */; };
		04A2EC331CF59AA000DF79B7 /* icon_keyboard.png in Resources */ = {isa = PBXBuildFile; fileRef = 04A2EC311CF59AA000DF79B7 /* icon_keyboard.png */; };
		04A2EC341CF59AA000DF79B7 /* icon_keyboard@3x.png in Resources */ = {isa = PBXBuildFile; fileRef = 04A2EC321CF59AA000DF79B7 /* icon_keyboard@3x.png */; };
		04A2EC361CF59F2400DF79B7 /* icon_menu_more.png in Resources */ = {isa = PBXBuildFile; fileRef = 04A2EC351CF59F2400DF79B7 /* icon_menu_more.png */; };
		04A2EC391CF5A0F300DF79B7 /* icon_camera@2x.png in Resources */ = {isa = PBXBuildFile; fileRef = 04A2EC371CF5A0F300DF79B7 /* icon_camera@2x.png */; };
		04A2EC3A1CF5A0F300DF79B7 /* icon_camera@3x.png in Resources */ = {isa = PBXBuildFile; fileRef = 04A2EC381CF5A0F300DF79B7 /* icon_camera@3x.png */; };
		04A2EC3D1CF5A10B00DF79B7 /* icon_photo@2x.png in Resources */ = {isa = PBXBuildFile; fileRef = 04A2EC3B1CF5A10B00DF79B7 /* icon_photo@2x.png */; };
		04A2EC3E1CF5A10B00DF79B7 /* icon_photo@3x.png in Resources */ = {isa = PBXBuildFile; fileRef = 04A2EC3C1CF5A10B00DF79B7 /* icon_photo@3x.png */; };
		04A4D67B1CFD2E3000A5BD35 /* ShowPageViewController.m in Sources */ = {isa = PBXBuildFile; fileRef = 04A4D67A1CFD2E3000A5BD35 /* ShowPageViewController.m */; };
		04A4D67D1CFD33D100A5BD35 /* 1.mp4 in Resources */ = {isa = PBXBuildFile; fileRef = 04A4D67C1CFD2F9500A5BD35 /* 1.mp4 */; };
		04A4D67F1CFD352700A5BD35 /* keep6@2x.png in Resources */ = {isa = PBXBuildFile; fileRef = 04A4D67E1CFD352700A5BD35 /* keep6@2x.png */; };
		04AB05BA1CF28F8D00C96F07 /* GravityViewController.m in Sources */ = {isa = PBXBuildFile; fileRef = 04AB05B91CF28F8D00C96F07 /* GravityViewController.m */; };
		04AB05BE1CF2D00100C96F07 /* CalayerViewController.m in Sources */ = {isa = PBXBuildFile; fileRef = 04AB05BD1CF2D00100C96F07 /* CalayerViewController.m */; };
		04AB05C01CF2E21100C96F07 /* DazRing.png in Resources */ = {isa = PBXBuildFile; fileRef = 04AB05BF1CF2E21100C96F07 /* DazRing.png */; };
		04AB05C21CF2E22500C96F07 /* DazStarOutline.png in Resources */ = {isa = PBXBuildFile; fileRef = 04AB05C11CF2E22500C96F07 /* DazStarOutline.png */; };
		04AB05C61CF2E57D00C96F07 /* CollectionViewController.m in Sources */ = {isa = PBXBuildFile; fileRef = 04AB05C51CF2E57D00C96F07 /* CollectionViewController.m */; };
		04AB05C91CF2E6A100C96F07 /* BCFlowLayout.m in Sources */ = {isa = PBXBuildFile; fileRef = 04AB05C81CF2E6A100C96F07 /* BCFlowLayout.m */; };
		04B3AB451CE426B8000EC479 /* CubeViewController.m in Sources */ = {isa = PBXBuildFile; fileRef = 04B3AB441CE426B8000EC479 /* CubeViewController.m */; };
		04C9ACA41CE16C0E00BA3BDD /* KeyboardViewController.m in Sources */ = {isa = PBXBuildFile; fileRef = 04C9ACA31CE16C0E00BA3BDD /* KeyboardViewController.m */; };
		04C9ACA71CE172A200BA3BDD /* UIScrollView+UITouch.m in Sources */ = {isa = PBXBuildFile; fileRef = 04C9ACA61CE172A200BA3BDD /* UIScrollView+UITouch.m */; };
		04C9ACAB1CE1B50500BA3BDD /* CorpImageViewController.m in Sources */ = {isa = PBXBuildFile; fileRef = 04C9ACAA1CE1B50500BA3BDD /* CorpImageViewController.m */; };
		04CAF5FB1CFD5F0A003FC72D /* UIImageView+LoadImage.m in Sources */ = {isa = PBXBuildFile; fileRef = 04CAF5FA1CFD5F0A003FC72D /* UIImageView+LoadImage.m */; };
		04CAF5FE1CFD5F44003FC72D /* LoadImageViewController.m in Sources */ = {isa = PBXBuildFile; fileRef = 04CAF5FD1CFD5F44003FC72D /* LoadImageViewController.m */; };
		04D2A3141CDC2EA500376284 /* GifPlayViewController.m in Sources */ = {isa = PBXBuildFile; fileRef = 04D2A3131CDC2EA500376284 /* GifPlayViewController.m */; };
		04D2A3181CDC2FAE00376284 /* 美女.gif in Resources */ = {isa = PBXBuildFile; fileRef = 04D2A3171CDC2FAE00376284 /* 美女.gif */; };
		04D2A31C1CDC61BA00376284 /* ClickImageViewController.m in Sources */ = {isa = PBXBuildFile; fileRef = 04D2A31B1CDC61BA00376284 /* ClickImageViewController.m */; };
		04D2F9AB1CE2BFC100140EE1 /* NightModelViewController.m in Sources */ = {isa = PBXBuildFile; fileRef = 04D2F9AA1CE2BFC100140EE1 /* NightModelViewController.m */; };
		04D8788C1CDADBE40015916C /* StarViewController.m in Sources */ = {isa = PBXBuildFile; fileRef = 04D8788B1CDADBE40015916C /* StarViewController.m */; };
		04D878911CDAE02F0015916C /* grade_star_fill@2x.png in Resources */ = {isa = PBXBuildFile; fileRef = 04D8788D1CDAE02F0015916C /* grade_star_fill@2x.png */; };
		04D878921CDAE02F0015916C /* grade_star_fill@3x.png in Resources */ = {isa = PBXBuildFile; fileRef = 04D8788E1CDAE02F0015916C /* grade_star_fill@3x.png */; };
		04D878931CDAE02F0015916C /* grade_star_path@2x.png in Resources */ = {isa = PBXBuildFile; fileRef = 04D8788F1CDAE02F0015916C /* grade_star_path@2x.png */; };
		04D878941CDAE02F0015916C /* grade_star_path@3x.png in Resources */ = {isa = PBXBuildFile; fileRef = 04D878901CDAE02F0015916C /* grade_star_path@3x.png */; };
		04D878991CDB0DFC0015916C /* FormatterViewController.m in Sources */ = {isa = PBXBuildFile; fileRef = 04D878981CDB0DFC0015916C /* FormatterViewController.m */; };
		04DE7D451D0122B60088A654 /* BCKeyChain.m in Sources */ = {isa = PBXBuildFile; fileRef = 04DE7D441D0122B60088A654 /* BCKeyChain.m */; };
		04E1A27E1CE2F7650055DDFB /* SpringViewController.m in Sources */ = {isa = PBXBuildFile; fileRef = 04E1A27D1CE2F7650055DDFB /* SpringViewController.m */; };
		04E1A2821CE326280055DDFB /* QQPhoneViewController.m in Sources */ = {isa = PBXBuildFile; fileRef = 04E1A2811CE326280055DDFB /* QQPhoneViewController.m */; };
		04E72CD31CE411CD003FF8CD /* TurnOffViewController.m in Sources */ = {isa = PBXBuildFile; fileRef = 04E72CD21CE411CD003FF8CD /* TurnOffViewController.m */; };
		04E87B1B1CF427E800076BE4 /* ShimmerViewController.m in Sources */ = {isa = PBXBuildFile; fileRef = 04E87B1A1CF427E800076BE4 /* ShimmerViewController.m */; };
		04E87B1F1CF450D900076BE4 /* ScaleViewController.m in Sources */ = {isa = PBXBuildFile; fileRef = 04E87B1E1CF450D900076BE4 /* ScaleViewController.m */; };
		04EC9C8C1CD99C3F0012BA8E /* UINavigationBar+Gradient.m in Sources */ = {isa = PBXBuildFile; fileRef = 04EC9C8B1CD99C3F0012BA8E /* UINavigationBar+Gradient.m */; };
		04F4F05F1CD9BBCA00F46C7E /* icon_arrow_right_d@2x.png in Resources */ = {isa = PBXBuildFile; fileRef = 04F4F05D1CD9BBCA00F46C7E /* icon_arrow_right_d@2x.png */; };
		04F4F0601CD9BBCA00F46C7E /* icon_arrow_right_d@3x.png in Resources */ = {isa = PBXBuildFile; fileRef = 04F4F05E1CD9BBCA00F46C7E /* icon_arrow_right_d@3x.png */; };
		04F4F0631CD9C29900F46C7E /* ShoppingCartViewController.m in Sources */ = {isa = PBXBuildFile; fileRef = 04F4F0621CD9C29900F46C7E /* ShoppingCartViewController.m */; };
		04F4F0661CD9C5F600F46C7E /* SuspendViewController.m in Sources */ = {isa = PBXBuildFile; fileRef = 04F4F0651CD9C5F600F46C7E /* SuspendViewController.m */; };
		04F4F06E1CD9DCB100F46C7E /* RefreshViewController.m in Sources */ = {isa = PBXBuildFile; fileRef = 04F4F06D1CD9DCB100F46C7E /* RefreshViewController.m */; };
		04F4F0731CD9E83200F46C7E /* CarouselViewController.m in Sources */ = {isa = PBXBuildFile; fileRef = 04F4F0721CD9E83200F46C7E /* CarouselViewController.m */; };
		04F4F0751CD9E92200F46C7E /* bc.jpg in Resources */ = {isa = PBXBuildFile; fileRef = 04F4F0741CD9E92200F46C7E /* bc.jpg */; };
		04F4F0771CD9EC3800F46C7E /* bc1.jpg in Resources */ = {isa = PBXBuildFile; fileRef = 04F4F0761CD9EC3800F46C7E /* bc1.jpg */; };
/* End PBXBuildFile section */

/* Begin PBXContainerItemProxy section */
		043BF9691CD8676100372213 /* PBXContainerItemProxy */ = {
			isa = PBXContainerItemProxy;
			containerPortal = 043BF9471CD8676100372213 /* Project object */;
			proxyType = 1;
			remoteGlobalIDString = 043BF94E1CD8676100372213;
			remoteInfo = BCAnimationKit;
		};
		043BF9741CD8676100372213 /* PBXContainerItemProxy */ = {
			isa = PBXContainerItemProxy;
			containerPortal = 043BF9471CD8676100372213 /* Project object */;
			proxyType = 1;
			remoteGlobalIDString = 043BF94E1CD8676100372213;
			remoteInfo = BCAnimationKit;
		};
/* End PBXContainerItemProxy section */

/* Begin PBXFileReference section */
		0405DC0C1CFC140C003F2741 /* SpeechViewController.h */ = {isa = PBXFileReference; fileEncoding = 4; lastKnownFileType = sourcecode.c.h; path = SpeechViewController.h; sourceTree = "<group>"; };
		0405DC0D1CFC140C003F2741 /* SpeechViewController.m */ = {isa = PBXFileReference; fileEncoding = 4; lastKnownFileType = sourcecode.c.objc; path = SpeechViewController.m; sourceTree = "<group>"; };
		0405DC0F1CFC1465003F2741 /* iflyMSC.framework */ = {isa = PBXFileReference; lastKnownFileType = wrapper.framework; path = iflyMSC.framework; sourceTree = "<group>"; };
		0405DC121CFC18B1003F2741 /* CoreGraphics.framework */ = {isa = PBXFileReference; lastKnownFileType = wrapper.framework; name = CoreGraphics.framework; path = System/Library/Frameworks/CoreGraphics.framework; sourceTree = SDKROOT; };
		0405DC141CFC18B8003F2741 /* libz.tbd */ = {isa = PBXFileReference; lastKnownFileType = "sourcecode.text-based-dylib-definition"; name = libz.tbd; path = usr/lib/libz.tbd; sourceTree = SDKROOT; };
		0405DC1A1CFC1A5C003F2741 /* ISRDataHelper.h */ = {isa = PBXFileReference; fileEncoding = 4; lastKnownFileType = sourcecode.c.h; path = ISRDataHelper.h; sourceTree = "<group>"; };
		0405DC1B1CFC1A5C003F2741 /* ISRDataHelper.m */ = {isa = PBXFileReference; fileEncoding = 4; lastKnownFileType = sourcecode.c.objc; path = ISRDataHelper.m; sourceTree = "<group>"; };
		0405DC1D1CFC1B5F003F2741 /* Foundation.framework */ = {isa = PBXFileReference; lastKnownFileType = wrapper.framework; name = Foundation.framework; path = System/Library/Frameworks/Foundation.framework; sourceTree = SDKROOT; };
		0405DC1F1CFC1B69003F2741 /* UIKit.framework */ = {isa = PBXFileReference; lastKnownFileType = wrapper.framework; name = UIKit.framework; path = System/Library/Frameworks/UIKit.framework; sourceTree = SDKROOT; };
		0405DC211CFC1B71003F2741 /* QuartzCore.framework */ = {isa = PBXFileReference; lastKnownFileType = wrapper.framework; name = QuartzCore.framework; path = System/Library/Frameworks/QuartzCore.framework; sourceTree = SDKROOT; };
		0405DC231CFC1B7B003F2741 /* SystemConfiguration.framework */ = {isa = PBXFileReference; lastKnownFileType = wrapper.framework; name = SystemConfiguration.framework; path = System/Library/Frameworks/SystemConfiguration.framework; sourceTree = SDKROOT; };
		0405DC251CFC1B81003F2741 /* AudioToolbox.framework */ = {isa = PBXFileReference; lastKnownFileType = wrapper.framework; name = AudioToolbox.framework; path = System/Library/Frameworks/AudioToolbox.framework; sourceTree = SDKROOT; };
		0405DC271CFC1B88003F2741 /* AddressBook.framework */ = {isa = PBXFileReference; lastKnownFileType = wrapper.framework; name = AddressBook.framework; path = System/Library/Frameworks/AddressBook.framework; sourceTree = SDKROOT; };
		0405DC291CFC1B8F003F2741 /* AVFoundation.framework */ = {isa = PBXFileReference; lastKnownFileType = wrapper.framework; name = AVFoundation.framework; path = System/Library/Frameworks/AVFoundation.framework; sourceTree = SDKROOT; };
		0405DC2B1CFC1B97003F2741 /* CoreTelephony.framework */ = {isa = PBXFileReference; lastKnownFileType = wrapper.framework; name = CoreTelephony.framework; path = System/Library/Frameworks/CoreTelephony.framework; sourceTree = SDKROOT; };
		0405DC2D1CFC1B9E003F2741 /* CoreLocation.framework */ = {isa = PBXFileReference; lastKnownFileType = wrapper.framework; name = CoreLocation.framework; path = System/Library/Frameworks/CoreLocation.framework; sourceTree = SDKROOT; };
		0405DC391CFC4519003F2741 /* ValueChangeViewController.h */ = {isa = PBXFileReference; fileEncoding = 4; lastKnownFileType = sourcecode.c.h; path = ValueChangeViewController.h; sourceTree = "<group>"; };
		0405DC3A1CFC4519003F2741 /* ValueChangeViewController.m */ = {isa = PBXFileReference; fileEncoding = 4; lastKnownFileType = sourcecode.c.objc; path = ValueChangeViewController.m; sourceTree = "<group>"; };
		041328071D0549EB0042CFE8 /* SectionViewController.h */ = {isa = PBXFileReference; fileEncoding = 4; lastKnownFileType = sourcecode.c.h; path = SectionViewController.h; sourceTree = "<group>"; };
		041328081D0549EB0042CFE8 /* SectionViewController.m */ = {isa = PBXFileReference; fileEncoding = 4; lastKnownFileType = sourcecode.c.objc; path = SectionViewController.m; sourceTree = "<group>"; };
		0413280A1D054A900042CFE8 /* BCSectionViewController.h */ = {isa = PBXFileReference; fileEncoding = 4; lastKnownFileType = sourcecode.c.h; path = BCSectionViewController.h; sourceTree = "<group>"; };
		0413280B1D054A900042CFE8 /* BCSectionViewController.m */ = {isa = PBXFileReference; fileEncoding = 4; lastKnownFileType = sourcecode.c.objc; path = BCSectionViewController.m; sourceTree = "<group>"; };
		0413280D1D055F010042CFE8 /* BCClearCache.h */ = {isa = PBXFileReference; fileEncoding = 4; lastKnownFileType = sourcecode.c.h; path = BCClearCache.h; sourceTree = "<group>"; };
		0413280E1D055F010042CFE8 /* BCClearCache.m */ = {isa = PBXFileReference; fileEncoding = 4; lastKnownFileType = sourcecode.c.objc; path = BCClearCache.m; sourceTree = "<group>"; };
		041328121D056F270042CFE8 /* LocalConnection.h */ = {isa = PBXFileReference; fileEncoding = 4; lastKnownFileType = sourcecode.c.h; path = LocalConnection.h; sourceTree = "<group>"; };
		041328131D056F270042CFE8 /* LocalConnection.m */ = {isa = PBXFileReference; fileEncoding = 4; lastKnownFileType = sourcecode.c.objc; path = LocalConnection.m; sourceTree = "<group>"; };
		041328151D056F270042CFE8 /* FSMDefines.h */ = {isa = PBXFileReference; fileEncoding = 4; lastKnownFileType = sourcecode.c.h; path = FSMDefines.h; sourceTree = "<group>"; };
		041328161D056F270042CFE8 /* FSMEngine.h */ = {isa = PBXFileReference; fileEncoding = 4; lastKnownFileType = sourcecode.c.h; path = FSMEngine.h; sourceTree = "<group>"; };
		041328171D056F270042CFE8 /* FSMEngine.m */ = {isa = PBXFileReference; fileEncoding = 4; lastKnownFileType = sourcecode.c.objc; path = FSMEngine.m; sourceTree = "<group>"; };
		041328181D056F270042CFE8 /* FSMStateUtil.h */ = {isa = PBXFileReference; fileEncoding = 4; lastKnownFileType = sourcecode.c.h; path = FSMStateUtil.h; sourceTree = "<group>"; };
		041328191D056F270042CFE8 /* FSMStateUtil.m */ = {isa = PBXFileReference; fileEncoding = 4; lastKnownFileType = sourcecode.c.objc; path = FSMStateUtil.m; sourceTree = "<group>"; };
		0413281A1D056F270042CFE8 /* ReachState.h */ = {isa = PBXFileReference; fileEncoding = 4; lastKnownFileType = sourcecode.c.h; path = ReachState.h; sourceTree = "<group>"; };
		0413281B1D056F270042CFE8 /* ReachState.m */ = {isa = PBXFileReference; fileEncoding = 4; lastKnownFileType = sourcecode.c.objc; path = ReachState.m; sourceTree = "<group>"; };
		0413281C1D056F270042CFE8 /* ReachStateLoading.h */ = {isa = PBXFileReference; fileEncoding = 4; lastKnownFileType = sourcecode.c.h; path = ReachStateLoading.h; sourceTree = "<group>"; };
		0413281D1D056F270042CFE8 /* ReachStateLoading.m */ = {isa = PBXFileReference; fileEncoding = 4; lastKnownFileType = sourcecode.c.objc; path = ReachStateLoading.m; sourceTree = "<group>"; };
		0413281E1D056F270042CFE8 /* ReachStateUnloaded.h */ = {isa = PBXFileReference; fileEncoding = 4; lastKnownFileType = sourcecode.c.h; path = ReachStateUnloaded.h; sourceTree = "<group>"; };
		0413281F1D056F270042CFE8 /* ReachStateUnloaded.m */ = {isa = PBXFileReference; fileEncoding = 4; lastKnownFileType = sourcecode.c.objc; path = ReachStateUnloaded.m; sourceTree = "<group>"; };
		041328201D056F270042CFE8 /* ReachStateUnReachable.h */ = {isa = PBXFileReference; fileEncoding = 4; lastKnownFileType = sourcecode.c.h; path = ReachStateUnReachable.h; sourceTree = "<group>"; };
		041328211D056F270042CFE8 /* ReachStateUnReachable.m */ = {isa = PBXFileReference; fileEncoding = 4; lastKnownFileType = sourcecode.c.objc; path = ReachStateUnReachable.m; sourceTree = "<group>"; };
		041328221D056F270042CFE8 /* ReachStateWIFI.h */ = {isa = PBXFileReference; fileEncoding = 4; lastKnownFileType = sourcecode.c.h; path = ReachStateWIFI.h; sourceTree = "<group>"; };
		041328231D056F270042CFE8 /* ReachStateWIFI.m */ = {isa = PBXFileReference; fileEncoding = 4; lastKnownFileType = sourcecode.c.objc; path = ReachStateWIFI.m; sourceTree = "<group>"; };
		041328241D056F270042CFE8 /* ReachStateWWAN.h */ = {isa = PBXFileReference; fileEncoding = 4; lastKnownFileType = sourcecode.c.h; path = ReachStateWWAN.h; sourceTree = "<group>"; };
		041328251D056F270042CFE8 /* ReachStateWWAN.m */ = {isa = PBXFileReference; fileEncoding = 4; lastKnownFileType = sourcecode.c.objc; path = ReachStateWWAN.m; sourceTree = "<group>"; };
		041328271D056F270042CFE8 /* PingFoundation.h */ = {isa = PBXFileReference; fileEncoding = 4; lastKnownFileType = sourcecode.c.h; path = PingFoundation.h; sourceTree = "<group>"; };
		041328281D056F270042CFE8 /* PingFoundation.m */ = {isa = PBXFileReference; fileEncoding = 4; lastKnownFileType = sourcecode.c.objc; path = PingFoundation.m; sourceTree = "<group>"; };
		041328291D056F270042CFE8 /* PingHelper.h */ = {isa = PBXFileReference; fileEncoding = 4; lastKnownFileType = sourcecode.c.h; path = PingHelper.h; sourceTree = "<group>"; };
		0413282A1D056F270042CFE8 /* PingHelper.m */ = {isa = PBXFileReference; fileEncoding = 4; lastKnownFileType = sourcecode.c.objc; path = PingHelper.m; sourceTree = "<group>"; };
		0413282B1D056F270042CFE8 /* README.md */ = {isa = PBXFileReference; fileEncoding = 4; lastKnownFileType = net.daringfireball.markdown; path = README.md; sourceTree = "<group>"; };
		0413282C1D056F270042CFE8 /* RealReachability.h */ = {isa = PBXFileReference; fileEncoding = 4; lastKnownFileType = sourcecode.c.h; path = RealReachability.h; sourceTree = "<group>"; };
		0413282D1D056F270042CFE8 /* RealReachability.m */ = {isa = PBXFileReference; fileEncoding = 4; lastKnownFileType = sourcecode.c.objc; path = RealReachability.m; sourceTree = "<group>"; };
		043BF94F1CD8676100372213 /* BCAnimationKit.app */ = {isa = PBXFileReference; explicitFileType = wrapper.application; includeInIndex = 0; path = BCAnimationKit.app; sourceTree = BUILT_PRODUCTS_DIR; };
		043BF9531CD8676100372213 /* main.m */ = {isa = PBXFileReference; lastKnownFileType = sourcecode.c.objc; path = main.m; sourceTree = "<group>"; };
		043BF9551CD8676100372213 /* AppDelegate.h */ = {isa = PBXFileReference; lastKnownFileType = sourcecode.c.h; path = AppDelegate.h; sourceTree = "<group>"; };
		043BF9561CD8676100372213 /* AppDelegate.m */ = {isa = PBXFileReference; lastKnownFileType = sourcecode.c.objc; path = AppDelegate.m; sourceTree = "<group>"; };
		043BF9581CD8676100372213 /* ViewController.h */ = {isa = PBXFileReference; lastKnownFileType = sourcecode.c.h; path = ViewController.h; sourceTree = "<group>"; };
		043BF9591CD8676100372213 /* ViewController.m */ = {isa = PBXFileReference; lastKnownFileType = sourcecode.c.objc; path = ViewController.m; sourceTree = "<group>"; };
		043BF95E1CD8676100372213 /* Assets.xcassets */ = {isa = PBXFileReference; lastKnownFileType = folder.assetcatalog; path = Assets.xcassets; sourceTree = "<group>"; };
		043BF9611CD8676100372213 /* Base */ = {isa = PBXFileReference; lastKnownFileType = file.storyboard; name = Base; path = Base.lproj/LaunchScreen.storyboard; sourceTree = "<group>"; };
		043BF9631CD8676100372213 /* Info.plist */ = {isa = PBXFileReference; lastKnownFileType = text.plist.xml; path = Info.plist; sourceTree = "<group>"; };
		043BF9681CD8676100372213 /* BCAnimationKitTests.xctest */ = {isa = PBXFileReference; explicitFileType = wrapper.cfbundle; includeInIndex = 0; path = BCAnimationKitTests.xctest; sourceTree = BUILT_PRODUCTS_DIR; };
		043BF96C1CD8676100372213 /* BCAnimationKitTests.m */ = {isa = PBXFileReference; lastKnownFileType = sourcecode.c.objc; path = BCAnimationKitTests.m; sourceTree = "<group>"; };
		043BF96E1CD8676100372213 /* Info.plist */ = {isa = PBXFileReference; lastKnownFileType = text.plist.xml; path = Info.plist; sourceTree = "<group>"; };
		043BF9731CD8676100372213 /* BCAnimationKitUITests.xctest */ = {isa = PBXFileReference; explicitFileType = wrapper.cfbundle; includeInIndex = 0; path = BCAnimationKitUITests.xctest; sourceTree = BUILT_PRODUCTS_DIR; };
		043BF9771CD8676100372213 /* BCAnimationKitUITests.m */ = {isa = PBXFileReference; lastKnownFileType = sourcecode.c.objc; path = BCAnimationKitUITests.m; sourceTree = "<group>"; };
		043BF9791CD8676100372213 /* Info.plist */ = {isa = PBXFileReference; lastKnownFileType = text.plist.xml; path = Info.plist; sourceTree = "<group>"; };
		043BF9851CD8699800372213 /* head.jpg */ = {isa = PBXFileReference; lastKnownFileType = image.jpeg; path = head.jpg; sourceTree = "<group>"; };
		044552A11D0D2954001298D9 /* SpeechToTextViewController.h */ = {isa = PBXFileReference; fileEncoding = 4; lastKnownFileType = sourcecode.c.h; path = SpeechToTextViewController.h; sourceTree = "<group>"; };
		044552A21D0D2954001298D9 /* SpeechToTextViewController.m */ = {isa = PBXFileReference; fileEncoding = 4; lastKnownFileType = sourcecode.c.objc; path = SpeechToTextViewController.m; sourceTree = "<group>"; };
		0471D24F1CF52FD000A0C8CB /* TableScaleViewController.h */ = {isa = PBXFileReference; fileEncoding = 4; lastKnownFileType = sourcecode.c.h; path = TableScaleViewController.h; sourceTree = "<group>"; };
		0471D2501CF52FD000A0C8CB /* TableScaleViewController.m */ = {isa = PBXFileReference; fileEncoding = 4; lastKnownFileType = sourcecode.c.objc; path = TableScaleViewController.m; sourceTree = "<group>"; };
		0471D2521CF530F300A0C8CB /* BCTableViewCell.h */ = {isa = PBXFileReference; fileEncoding = 4; lastKnownFileType = sourcecode.c.h; path = BCTableViewCell.h; sourceTree = "<group>"; };
		0471D2531CF530F300A0C8CB /* BCTableViewCell.m */ = {isa = PBXFileReference; fileEncoding = 4; lastKnownFileType = sourcecode.c.objc; path = BCTableViewCell.m; sourceTree = "<group>"; };
		048BA6D81CF3E55A00185CAD /* BCCell.h */ = {isa = PBXFileReference; fileEncoding = 4; lastKnownFileType = sourcecode.c.h; path = BCCell.h; sourceTree = "<group>"; };
		048BA6D91CF3E55A00185CAD /* BCCell.m */ = {isa = PBXFileReference; fileEncoding = 4; lastKnownFileType = sourcecode.c.objc; path = BCCell.m; sourceTree = "<group>"; };
		048BA6DA1CF3E55A00185CAD /* BCCell.xib */ = {isa = PBXFileReference; fileEncoding = 4; lastKnownFileType = file.xib; path = BCCell.xib; sourceTree = "<group>"; };
		048FDB6B1CD9863F00F10826 /* BaseViewController.h */ = {isa = PBXFileReference; fileEncoding = 4; lastKnownFileType = sourcecode.c.h; path = BaseViewController.h; sourceTree = "<group>"; };
		048FDB6C1CD9863F00F10826 /* BaseViewController.m */ = {isa = PBXFileReference; fileEncoding = 4; lastKnownFileType = sourcecode.c.objc; path = BaseViewController.m; sourceTree = "<group>"; };
		048FDB6E1CD986B100F10826 /* DropEnlargeViewControler.h */ = {isa = PBXFileReference; fileEncoding = 4; lastKnownFileType = sourcecode.c.h; path = DropEnlargeViewControler.h; sourceTree = "<group>"; };
		048FDB6F1CD986B100F10826 /* DropEnlargeViewControler.m */ = {isa = PBXFileReference; fileEncoding = 4; lastKnownFileType = sourcecode.c.objc; path = DropEnlargeViewControler.m; sourceTree = "<group>"; };
		048FDB711CD991AA00F10826 /* NavbarGradientViewController.h */ = {isa = PBXFileReference; fileEncoding = 4; lastKnownFileType = sourcecode.c.h; path = NavbarGradientViewController.h; sourceTree = "<group>"; };
		048FDB721CD991AA00F10826 /* NavbarGradientViewController.m */ = {isa = PBXFileReference; fileEncoding = 4; lastKnownFileType = sourcecode.c.objc; path = NavbarGradientViewController.m; sourceTree = "<group>"; };
		048FECF91CDB4E7D00629D42 /* DiffuseButtonViewController.h */ = {isa = PBXFileReference; fileEncoding = 4; lastKnownFileType = sourcecode.c.h; path = DiffuseButtonViewController.h; sourceTree = "<group>"; };
		048FECFA1CDB4E7D00629D42 /* DiffuseButtonViewController.m */ = {isa = PBXFileReference; fileEncoding = 4; lastKnownFileType = sourcecode.c.objc; path = DiffuseButtonViewController.m; sourceTree = "<group>"; };
		04911D031CE07F550004A5A4 /* NonCopyViewController.h */ = {isa = PBXFileReference; fileEncoding = 4; lastKnownFileType = sourcecode.c.h; path = NonCopyViewController.h; sourceTree = "<group>"; };
		04911D041CE07F550004A5A4 /* NonCopyViewController.m */ = {isa = PBXFileReference; fileEncoding = 4; lastKnownFileType = sourcecode.c.objc; path = NonCopyViewController.m; sourceTree = "<group>"; };
		04911D061CE07FDE0004A5A4 /* CustomTextView.h */ = {isa = PBXFileReference; fileEncoding = 4; lastKnownFileType = sourcecode.c.h; path = CustomTextView.h; sourceTree = "<group>"; };
		04911D071CE07FDE0004A5A4 /* CustomTextView.m */ = {isa = PBXFileReference; fileEncoding = 4; lastKnownFileType = sourcecode.c.objc; path = CustomTextView.m; sourceTree = "<group>"; };
		0492CC771CFFCE2A0027066B /* UIViewController+Test.h */ = {isa = PBXFileReference; fileEncoding = 4; lastKnownFileType = sourcecode.c.h; path = "UIViewController+Test.h"; sourceTree = "<group>"; };
		0492CC781CFFCE2A0027066B /* UIViewController+Test.m */ = {isa = PBXFileReference; fileEncoding = 4; lastKnownFileType = sourcecode.c.objc; path = "UIViewController+Test.m"; sourceTree = "<group>"; };
		0492CC811CFFFC6D0027066B /* TransformViewController.h */ = {isa = PBXFileReference; fileEncoding = 4; lastKnownFileType = sourcecode.c.h; path = TransformViewController.h; sourceTree = "<group>"; };
		0492CC821CFFFC6D0027066B /* TransformViewController.m */ = {isa = PBXFileReference; fileEncoding = 4; lastKnownFileType = sourcecode.c.objc; path = TransformViewController.m; sourceTree = "<group>"; };
		0492CC841D0002B10027066B /* SecondViewController.h */ = {isa = PBXFileReference; fileEncoding = 4; lastKnownFileType = sourcecode.c.h; path = SecondViewController.h; sourceTree = "<group>"; };
		0492CC851D0002B10027066B /* SecondViewController.m */ = {isa = PBXFileReference; fileEncoding = 4; lastKnownFileType = sourcecode.c.objc; path = SecondViewController.m; sourceTree = "<group>"; };
		0492CC921D002C830027066B /* PuchaseCarViewController.h */ = {isa = PBXFileReference; fileEncoding = 4; lastKnownFileType = sourcecode.c.h; path = PuchaseCarViewController.h; sourceTree = "<group>"; };
		0492CC931D002C830027066B /* PuchaseCarViewController.m */ = {isa = PBXFileReference; fileEncoding = 4; lastKnownFileType = sourcecode.c.objc; path = PuchaseCarViewController.m; sourceTree = "<group>"; };
		04A2EC151CF5493200DF79B7 /* whiteDown.png */ = {isa = PBXFileReference; lastKnownFileType = image.png; path = whiteDown.png; sourceTree = "<group>"; };
		04A2EC161CF5493200DF79B7 /* whiteTop.png */ = {isa = PBXFileReference; lastKnownFileType = image.png; path = whiteTop.png; sourceTree = "<group>"; };
		04A2EC1A1CF567EE00DF79B7 /* MessageViewController.h */ = {isa = PBXFileReference; fileEncoding = 4; lastKnownFileType = sourcecode.c.h; path = MessageViewController.h; sourceTree = "<group>"; };
		04A2EC1B1CF567EE00DF79B7 /* MessageViewController.m */ = {isa = PBXFileReference; fileEncoding = 4; lastKnownFileType = sourcecode.c.objc; path = MessageViewController.m; sourceTree = "<group>"; };
		04A2EC1D1CF56A0200DF79B7 /* chat_bg_default.jpg */ = {isa = PBXFileReference; lastKnownFileType = image.jpeg; path = chat_bg_default.jpg; sourceTree = "<group>"; };
		04A2EC1F1CF56ACB00DF79B7 /* MessageCell.h */ = {isa = PBXFileReference; fileEncoding = 4; lastKnownFileType = sourcecode.c.h; path = MessageCell.h; sourceTree = "<group>"; };
		04A2EC201CF56ACB00DF79B7 /* MessageCell.m */ = {isa = PBXFileReference; fileEncoding = 4; lastKnownFileType = sourcecode.c.objc; path = MessageCell.m; sourceTree = "<group>"; };
		04A2EC221CF56DF200DF79B7 /* MessageModel.h */ = {isa = PBXFileReference; fileEncoding = 4; lastKnownFileType = sourcecode.c.h; path = MessageModel.h; sourceTree = "<group>"; };
		04A2EC231CF56DF200DF79B7 /* MessageModel.m */ = {isa = PBXFileReference; fileEncoding = 4; lastKnownFileType = sourcecode.c.objc; path = MessageModel.m; sourceTree = "<group>"; };
		04A2EC251CF5716A00DF79B7 /* chatfrom_bg_normal.png */ = {isa = PBXFileReference; lastKnownFileType = image.png; path = chatfrom_bg_normal.png; sourceTree = "<group>"; };
		04A2EC261CF5716A00DF79B7 /* chatto_bg_normal.png */ = {isa = PBXFileReference; lastKnownFileType = image.png; path = chatto_bg_normal.png; sourceTree = "<group>"; };
		04A2EC291CF5769F00DF79B7 /* MessageFrame.h */ = {isa = PBXFileReference; fileEncoding = 4; lastKnownFileType = sourcecode.c.h; path = MessageFrame.h; sourceTree = "<group>"; };
		04A2EC2A1CF5769F00DF79B7 /* MessageFrame.m */ = {isa = PBXFileReference; fileEncoding = 4; lastKnownFileType = sourcecode.c.objc; path = MessageFrame.m; sourceTree = "<group>"; };
		04A2EC2C1CF5943000DF79B7 /* MessageEnterView.h */ = {isa = PBXFileReference; fileEncoding = 4; lastKnownFileType = sourcecode.c.h; path = MessageEnterView.h; sourceTree = "<group>"; };
		04A2EC2D1CF5943000DF79B7 /* MessageEnterView.m */ = {isa = PBXFileReference; fileEncoding = 4; lastKnownFileType = sourcecode.c.objc; path = MessageEnterView.m; sourceTree = "<group>"; };
		04A2EC2F1CF5995C00DF79B7 /* icon_sendsound@3x.png */ = {isa = PBXFileReference; lastKnownFileType = image.png; path = "icon_sendsound@3x.png"; sourceTree = "<group>"; };
		04A2EC311CF59AA000DF79B7 /* icon_keyboard.png */ = {isa = PBXFileReference; lastKnownFileType = image.png; path = icon_keyboard.png; sourceTree = "<group>"; };
		04A2EC321CF59AA000DF79B7 /* icon_keyboard@3x.png */ = {isa = PBXFileReference; lastKnownFileType = image.png; path = "icon_keyboard@3x.png"; sourceTree = "<group>"; };
		04A2EC351CF59F2400DF79B7 /* icon_menu_more.png */ = {isa = PBXFileReference; lastKnownFileType = image.png; path = icon_menu_more.png; sourceTree = "<group>"; };
		04A2EC371CF5A0F300DF79B7 /* icon_camera@2x.png */ = {isa = PBXFileReference; lastKnownFileType = image.png; path = "icon_camera@2x.png"; sourceTree = "<group>"; };
		04A2EC381CF5A0F300DF79B7 /* icon_camera@3x.png */ = {isa = PBXFileReference; lastKnownFileType = image.png; path = "icon_camera@3x.png"; sourceTree = "<group>"; };
		04A2EC3B1CF5A10B00DF79B7 /* icon_photo@2x.png */ = {isa = PBXFileReference; lastKnownFileType = image.png; path = "icon_photo@2x.png"; sourceTree = "<group>"; };
		04A2EC3C1CF5A10B00DF79B7 /* icon_photo@3x.png */ = {isa = PBXFileReference; lastKnownFileType = image.png; path = "icon_photo@3x.png"; sourceTree = "<group>"; };
		04A4D6791CFD2E3000A5BD35 /* ShowPageViewController.h */ = {isa = PBXFileReference; fileEncoding = 4; lastKnownFileType = sourcecode.c.h; path = ShowPageViewController.h; sourceTree = "<group>"; };
		04A4D67A1CFD2E3000A5BD35 /* ShowPageViewController.m */ = {isa = PBXFileReference; fileEncoding = 4; lastKnownFileType = sourcecode.c.objc; path = ShowPageViewController.m; sourceTree = "<group>"; };
		04A4D67C1CFD2F9500A5BD35 /* 1.mp4 */ = {isa = PBXFileReference; lastKnownFileType = file; path = 1.mp4; sourceTree = "<group>"; };
		04A4D67E1CFD352700A5BD35 /* keep6@2x.png */ = {isa = PBXFileReference; lastKnownFileType = image.png; path = "keep6@2x.png"; sourceTree = "<group>"; };
		04AB05B81CF28F8D00C96F07 /* GravityViewController.h */ = {isa = PBXFileReference; fileEncoding = 4; lastKnownFileType = sourcecode.c.h; path = GravityViewController.h; sourceTree = "<group>"; };
		04AB05B91CF28F8D00C96F07 /* GravityViewController.m */ = {isa = PBXFileReference; fileEncoding = 4; lastKnownFileType = sourcecode.c.objc; path = GravityViewController.m; sourceTree = "<group>"; wrapsLines = 0; };
		04AB05BC1CF2D00100C96F07 /* CalayerViewController.h */ = {isa = PBXFileReference; fileEncoding = 4; lastKnownFileType = sourcecode.c.h; path = CalayerViewController.h; sourceTree = "<group>"; };
		04AB05BD1CF2D00100C96F07 /* CalayerViewController.m */ = {isa = PBXFileReference; fileEncoding = 4; lastKnownFileType = sourcecode.c.objc; path = CalayerViewController.m; sourceTree = "<group>"; };
		04AB05BF1CF2E21100C96F07 /* DazRing.png */ = {isa = PBXFileReference; lastKnownFileType = image.png; path = DazRing.png; sourceTree = "<group>"; };
		04AB05C11CF2E22500C96F07 /* DazStarOutline.png */ = {isa = PBXFileReference; lastKnownFileType = image.png; path = DazStarOutline.png; sourceTree = "<group>"; };
		04AB05C41CF2E57D00C96F07 /* CollectionViewController.h */ = {isa = PBXFileReference; fileEncoding = 4; lastKnownFileType = sourcecode.c.h; path = CollectionViewController.h; sourceTree = "<group>"; };
		04AB05C51CF2E57D00C96F07 /* CollectionViewController.m */ = {isa = PBXFileReference; fileEncoding = 4; lastKnownFileType = sourcecode.c.objc; path = CollectionViewController.m; sourceTree = "<group>"; };
		04AB05C71CF2E6A100C96F07 /* BCFlowLayout.h */ = {isa = PBXFileReference; fileEncoding = 4; lastKnownFileType = sourcecode.c.h; path = BCFlowLayout.h; sourceTree = "<group>"; };
		04AB05C81CF2E6A100C96F07 /* BCFlowLayout.m */ = {isa = PBXFileReference; fileEncoding = 4; lastKnownFileType = sourcecode.c.objc; path = BCFlowLayout.m; sourceTree = "<group>"; };
		04B3AB431CE426B8000EC479 /* CubeViewController.h */ = {isa = PBXFileReference; fileEncoding = 4; lastKnownFileType = sourcecode.c.h; path = CubeViewController.h; sourceTree = "<group>"; };
		04B3AB441CE426B8000EC479 /* CubeViewController.m */ = {isa = PBXFileReference; fileEncoding = 4; lastKnownFileType = sourcecode.c.objc; path = CubeViewController.m; sourceTree = "<group>"; };
		04C9ACA21CE16C0E00BA3BDD /* KeyboardViewController.h */ = {isa = PBXFileReference; fileEncoding = 4; lastKnownFileType = sourcecode.c.h; path = KeyboardViewController.h; sourceTree = "<group>"; };
		04C9ACA31CE16C0E00BA3BDD /* KeyboardViewController.m */ = {isa = PBXFileReference; fileEncoding = 4; lastKnownFileType = sourcecode.c.objc; path = KeyboardViewController.m; sourceTree = "<group>"; };
		04C9ACA51CE172A200BA3BDD /* UIScrollView+UITouch.h */ = {isa = PBXFileReference; fileEncoding = 4; lastKnownFileType = sourcecode.c.h; path = "UIScrollView+UITouch.h"; sourceTree = "<group>"; };
		04C9ACA61CE172A200BA3BDD /* UIScrollView+UITouch.m */ = {isa = PBXFileReference; fileEncoding = 4; lastKnownFileType = sourcecode.c.objc; path = "UIScrollView+UITouch.m"; sourceTree = "<group>"; };
		04C9ACA91CE1B50500BA3BDD /* CorpImageViewController.h */ = {isa = PBXFileReference; fileEncoding = 4; lastKnownFileType = sourcecode.c.h; path = CorpImageViewController.h; sourceTree = "<group>"; };
		04C9ACAA1CE1B50500BA3BDD /* CorpImageViewController.m */ = {isa = PBXFileReference; fileEncoding = 4; lastKnownFileType = sourcecode.c.objc; path = CorpImageViewController.m; sourceTree = "<group>"; };
		04CAF5F91CFD5F0A003FC72D /* UIImageView+LoadImage.h */ = {isa = PBXFileReference; fileEncoding = 4; lastKnownFileType = sourcecode.c.h; path = "UIImageView+LoadImage.h"; sourceTree = "<group>"; };
		04CAF5FA1CFD5F0A003FC72D /* UIImageView+LoadImage.m */ = {isa = PBXFileReference; fileEncoding = 4; lastKnownFileType = sourcecode.c.objc; path = "UIImageView+LoadImage.m"; sourceTree = "<group>"; };
		04CAF5FC1CFD5F44003FC72D /* LoadImageViewController.h */ = {isa = PBXFileReference; fileEncoding = 4; lastKnownFileType = sourcecode.c.h; path = LoadImageViewController.h; sourceTree = "<group>"; };
		04CAF5FD1CFD5F44003FC72D /* LoadImageViewController.m */ = {isa = PBXFileReference; fileEncoding = 4; lastKnownFileType = sourcecode.c.objc; path = LoadImageViewController.m; sourceTree = "<group>"; };
		04D2A3121CDC2EA500376284 /* GifPlayViewController.h */ = {isa = PBXFileReference; fileEncoding = 4; lastKnownFileType = sourcecode.c.h; path = GifPlayViewController.h; sourceTree = "<group>"; };
		04D2A3131CDC2EA500376284 /* GifPlayViewController.m */ = {isa = PBXFileReference; fileEncoding = 4; lastKnownFileType = sourcecode.c.objc; path = GifPlayViewController.m; sourceTree = "<group>"; };
		04D2A3171CDC2FAE00376284 /* 美女.gif */ = {isa = PBXFileReference; lastKnownFileType = image.gif; path = "美女.gif"; sourceTree = "<group>"; };
		04D2A31A1CDC61BA00376284 /* ClickImageViewController.h */ = {isa = PBXFileReference; fileEncoding = 4; lastKnownFileType = sourcecode.c.h; path = ClickImageViewController.h; sourceTree = "<group>"; };
		04D2A31B1CDC61BA00376284 /* ClickImageViewController.m */ = {isa = PBXFileReference; fileEncoding = 4; lastKnownFileType = sourcecode.c.objc; path = ClickImageViewController.m; sourceTree = "<group>"; };
		04D2F9A91CE2BFC100140EE1 /* NightModelViewController.h */ = {isa = PBXFileReference; fileEncoding = 4; lastKnownFileType = sourcecode.c.h; path = NightModelViewController.h; sourceTree = "<group>"; };
		04D2F9AA1CE2BFC100140EE1 /* NightModelViewController.m */ = {isa = PBXFileReference; fileEncoding = 4; lastKnownFileType = sourcecode.c.objc; path = NightModelViewController.m; sourceTree = "<group>"; };
		04D8788A1CDADBE40015916C /* StarViewController.h */ = {isa = PBXFileReference; fileEncoding = 4; lastKnownFileType = sourcecode.c.h; path = StarViewController.h; sourceTree = "<group>"; };
		04D8788B1CDADBE40015916C /* StarViewController.m */ = {isa = PBXFileReference; fileEncoding = 4; lastKnownFileType = sourcecode.c.objc; path = StarViewController.m; sourceTree = "<group>"; };
		04D8788D1CDAE02F0015916C /* grade_star_fill@2x.png */ = {isa = PBXFileReference; lastKnownFileType = image.png; path = "grade_star_fill@2x.png"; sourceTree = "<group>"; };
		04D8788E1CDAE02F0015916C /* grade_star_fill@3x.png */ = {isa = PBXFileReference; lastKnownFileType = image.png; path = "grade_star_fill@3x.png"; sourceTree = "<group>"; };
		04D8788F1CDAE02F0015916C /* grade_star_path@2x.png */ = {isa = PBXFileReference; lastKnownFileType = image.png; path = "grade_star_path@2x.png"; sourceTree = "<group>"; };
		04D878901CDAE02F0015916C /* grade_star_path@3x.png */ = {isa = PBXFileReference; lastKnownFileType = image.png; path = "grade_star_path@3x.png"; sourceTree = "<group>"; };
		04D878971CDB0DFC0015916C /* FormatterViewController.h */ = {isa = PBXFileReference; fileEncoding = 4; lastKnownFileType = sourcecode.c.h; path = FormatterViewController.h; sourceTree = "<group>"; };
		04D878981CDB0DFC0015916C /* FormatterViewController.m */ = {isa = PBXFileReference; fileEncoding = 4; lastKnownFileType = sourcecode.c.objc; path = FormatterViewController.m; sourceTree = "<group>"; };
		04DE7D431D0122B60088A654 /* BCKeyChain.h */ = {isa = PBXFileReference; fileEncoding = 4; lastKnownFileType = sourcecode.c.h; path = BCKeyChain.h; sourceTree = "<group>"; };
		04DE7D441D0122B60088A654 /* BCKeyChain.m */ = {isa = PBXFileReference; fileEncoding = 4; lastKnownFileType = sourcecode.c.objc; path = BCKeyChain.m; sourceTree = "<group>"; };
		04E1A27C1CE2F7650055DDFB /* SpringViewController.h */ = {isa = PBXFileReference; fileEncoding = 4; lastKnownFileType = sourcecode.c.h; path = SpringViewController.h; sourceTree = "<group>"; };
		04E1A27D1CE2F7650055DDFB /* SpringViewController.m */ = {isa = PBXFileReference; fileEncoding = 4; lastKnownFileType = sourcecode.c.objc; path = SpringViewController.m; sourceTree = "<group>"; };
		04E1A2801CE326280055DDFB /* QQPhoneViewController.h */ = {isa = PBXFileReference; fileEncoding = 4; lastKnownFileType = sourcecode.c.h; path = QQPhoneViewController.h; sourceTree = "<group>"; };
		04E1A2811CE326280055DDFB /* QQPhoneViewController.m */ = {isa = PBXFileReference; fileEncoding = 4; lastKnownFileType = sourcecode.c.objc; path = QQPhoneViewController.m; sourceTree = "<group>"; };
		04E72CD11CE411CD003FF8CD /* TurnOffViewController.h */ = {isa = PBXFileReference; fileEncoding = 4; lastKnownFileType = sourcecode.c.h; path = TurnOffViewController.h; sourceTree = "<group>"; };
		04E72CD21CE411CD003FF8CD /* TurnOffViewController.m */ = {isa = PBXFileReference; fileEncoding = 4; lastKnownFileType = sourcecode.c.objc; path = TurnOffViewController.m; sourceTree = "<group>"; };
		04E87B191CF427E800076BE4 /* ShimmerViewController.h */ = {isa = PBXFileReference; fileEncoding = 4; lastKnownFileType = sourcecode.c.h; path = ShimmerViewController.h; sourceTree = "<group>"; };
		04E87B1A1CF427E800076BE4 /* ShimmerViewController.m */ = {isa = PBXFileReference; fileEncoding = 4; lastKnownFileType = sourcecode.c.objc; path = ShimmerViewController.m; sourceTree = "<group>"; };
		04E87B1D1CF450D900076BE4 /* ScaleViewController.h */ = {isa = PBXFileReference; fileEncoding = 4; lastKnownFileType = sourcecode.c.h; path = ScaleViewController.h; sourceTree = "<group>"; };
		04E87B1E1CF450D900076BE4 /* ScaleViewController.m */ = {isa = PBXFileReference; fileEncoding = 4; lastKnownFileType = sourcecode.c.objc; path = ScaleViewController.m; sourceTree = "<group>"; };
		04EC9C8A1CD99C3F0012BA8E /* UINavigationBar+Gradient.h */ = {isa = PBXFileReference; fileEncoding = 4; lastKnownFileType = sourcecode.c.h; path = "UINavigationBar+Gradient.h"; sourceTree = "<group>"; };
		04EC9C8B1CD99C3F0012BA8E /* UINavigationBar+Gradient.m */ = {isa = PBXFileReference; fileEncoding = 4; lastKnownFileType = sourcecode.c.objc; path = "UINavigationBar+Gradient.m"; sourceTree = "<group>"; };
		04F4F05C1CD9BA0D00F46C7E /* BCHeadFix.pch */ = {isa = PBXFileReference; lastKnownFileType = sourcecode.c.h; path = BCHeadFix.pch; sourceTree = "<group>"; };
		04F4F05D1CD9BBCA00F46C7E /* icon_arrow_right_d@2x.png */ = {isa = PBXFileReference; lastKnownFileType = image.png; path = "icon_arrow_right_d@2x.png"; sourceTree = "<group>"; };
		04F4F05E1CD9BBCA00F46C7E /* icon_arrow_right_d@3x.png */ = {isa = PBXFileReference; lastKnownFileType = image.png; path = "icon_arrow_right_d@3x.png"; sourceTree = "<group>"; };
		04F4F0611CD9C29900F46C7E /* ShoppingCartViewController.h */ = {isa = PBXFileReference; fileEncoding = 4; lastKnownFileType = sourcecode.c.h; path = ShoppingCartViewController.h; sourceTree = "<group>"; };
		04F4F0621CD9C29900F46C7E /* ShoppingCartViewController.m */ = {isa = PBXFileReference; fileEncoding = 4; lastKnownFileType = sourcecode.c.objc; path = ShoppingCartViewController.m; sourceTree = "<group>"; };
		04F4F0641CD9C5F600F46C7E /* SuspendViewController.h */ = {isa = PBXFileReference; fileEncoding = 4; lastKnownFileType = sourcecode.c.h; path = SuspendViewController.h; sourceTree = "<group>"; };
		04F4F0651CD9C5F600F46C7E /* SuspendViewController.m */ = {isa = PBXFileReference; fileEncoding = 4; lastKnownFileType = sourcecode.c.objc; path = SuspendViewController.m; sourceTree = "<group>"; };
		04F4F06C1CD9DCB100F46C7E /* RefreshViewController.h */ = {isa = PBXFileReference; fileEncoding = 4; lastKnownFileType = sourcecode.c.h; path = RefreshViewController.h; sourceTree = "<group>"; };
		04F4F06D1CD9DCB100F46C7E /* RefreshViewController.m */ = {isa = PBXFileReference; fileEncoding = 4; lastKnownFileType = sourcecode.c.objc; path = RefreshViewController.m; sourceTree = "<group>"; };
		04F4F0711CD9E83200F46C7E /* CarouselViewController.h */ = {isa = PBXFileReference; fileEncoding = 4; lastKnownFileType = sourcecode.c.h; path = CarouselViewController.h; sourceTree = "<group>"; };
		04F4F0721CD9E83200F46C7E /* CarouselViewController.m */ = {isa = PBXFileReference; fileEncoding = 4; lastKnownFileType = sourcecode.c.objc; path = CarouselViewController.m; sourceTree = "<group>"; };
		04F4F0741CD9E92200F46C7E /* bc.jpg */ = {isa = PBXFileReference; lastKnownFileType = image.jpeg; path = bc.jpg; sourceTree = "<group>"; };
		04F4F0761CD9EC3800F46C7E /* bc1.jpg */ = {isa = PBXFileReference; lastKnownFileType = image.jpeg; path = bc1.jpg; sourceTree = "<group>"; };
/* End PBXFileReference section */

/* Begin PBXFrameworksBuildPhase section */
		043BF94C1CD8676100372213 /* Frameworks */ = {
			isa = PBXFrameworksBuildPhase;
			buildActionMask = 2147483647;
			files = (
				0405DC2E1CFC1B9E003F2741 /* CoreLocation.framework in Frameworks */,
				0405DC2C1CFC1B97003F2741 /* CoreTelephony.framework in Frameworks */,
				0405DC2A1CFC1B8F003F2741 /* AVFoundation.framework in Frameworks */,
				0405DC281CFC1B88003F2741 /* AddressBook.framework in Frameworks */,
				0405DC261CFC1B81003F2741 /* AudioToolbox.framework in Frameworks */,
				0405DC241CFC1B7B003F2741 /* SystemConfiguration.framework in Frameworks */,
				0405DC221CFC1B71003F2741 /* QuartzCore.framework in Frameworks */,
				0405DC201CFC1B69003F2741 /* UIKit.framework in Frameworks */,
				0405DC1E1CFC1B5F003F2741 /* Foundation.framework in Frameworks */,
				0405DC151CFC18B8003F2741 /* libz.tbd in Frameworks */,
				0405DC131CFC18B1003F2741 /* CoreGraphics.framework in Frameworks */,
				0405DC101CFC1465003F2741 /* iflyMSC.framework in Frameworks */,
			);
			runOnlyForDeploymentPostprocessing = 0;
		};
		043BF9651CD8676100372213 /* Frameworks */ = {
			isa = PBXFrameworksBuildPhase;
			buildActionMask = 2147483647;
			files = (
			);
			runOnlyForDeploymentPostprocessing = 0;
		};
		043BF9701CD8676100372213 /* Frameworks */ = {
			isa = PBXFrameworksBuildPhase;
			buildActionMask = 2147483647;
			files = (
			);
			runOnlyForDeploymentPostprocessing = 0;
		};
/* End PBXFrameworksBuildPhase section */

/* Begin PBXGroup section */
		0405DC0B1CFC13F4003F2741 /* 语音识别 */ = {
			isa = PBXGroup;
			children = (
				0405DC111CFC14DB003F2741 /* ThirdFrameWork */,
				0405DC0C1CFC140C003F2741 /* SpeechViewController.h */,
				0405DC0D1CFC140C003F2741 /* SpeechViewController.m */,
				0405DC1A1CFC1A5C003F2741 /* ISRDataHelper.h */,
				0405DC1B1CFC1A5C003F2741 /* ISRDataHelper.m */,
				044552A11D0D2954001298D9 /* SpeechToTextViewController.h */,
				044552A21D0D2954001298D9 /* SpeechToTextViewController.m */,
			);
			name = "语音识别";
			sourceTree = "<group>";
		};
		0405DC111CFC14DB003F2741 /* ThirdFrameWork */ = {
			isa = PBXGroup;
			children = (
				0405DC141CFC18B8003F2741 /* libz.tbd */,
				0405DC121CFC18B1003F2741 /* CoreGraphics.framework */,
				0405DC2D1CFC1B9E003F2741 /* CoreLocation.framework */,
				0405DC2B1CFC1B97003F2741 /* CoreTelephony.framework */,
				0405DC291CFC1B8F003F2741 /* AVFoundation.framework */,
				0405DC271CFC1B88003F2741 /* AddressBook.framework */,
				0405DC251CFC1B81003F2741 /* AudioToolbox.framework */,
				0405DC231CFC1B7B003F2741 /* SystemConfiguration.framework */,
				0405DC211CFC1B71003F2741 /* QuartzCore.framework */,
				0405DC1F1CFC1B69003F2741 /* UIKit.framework */,
				0405DC1D1CFC1B5F003F2741 /* Foundation.framework */,
				0405DC0F1CFC1465003F2741 /* iflyMSC.framework */,
			);
			name = ThirdFrameWork;
			sourceTree = "<group>";
		};
		0405DC3C1CFC4565003F2741 /* 数值改变动画 */ = {
			isa = PBXGroup;
			children = (
				0405DC391CFC4519003F2741 /* ValueChangeViewController.h */,
				0405DC3A1CFC4519003F2741 /* ValueChangeViewController.m */,
			);
			name = "数值改变动画";
			sourceTree = "<group>";
		};
		041328061D05498B0042CFE8 /* 分段视图 */ = {
			isa = PBXGroup;
			children = (
				041328071D0549EB0042CFE8 /* SectionViewController.h */,
				041328081D0549EB0042CFE8 /* SectionViewController.m */,
				0413280A1D054A900042CFE8 /* BCSectionViewController.h */,
				0413280B1D054A900042CFE8 /* BCSectionViewController.m */,
			);
			name = "分段视图";
			sourceTree = "<group>";
		};
		041328101D056F270042CFE8 /* RealReachability */ = {
			isa = PBXGroup;
			children = (
				041328111D056F270042CFE8 /* Connection */,
				041328141D056F270042CFE8 /* FSM */,
				041328261D056F270042CFE8 /* Ping */,
				0413282C1D056F270042CFE8 /* RealReachability.h */,
				0413282D1D056F270042CFE8 /* RealReachability.m */,
			);
			path = RealReachability;
			sourceTree = "<group>";
		};
		041328111D056F270042CFE8 /* Connection */ = {
			isa = PBXGroup;
			children = (
				041328121D056F270042CFE8 /* LocalConnection.h */,
				041328131D056F270042CFE8 /* LocalConnection.m */,
			);
			path = Connection;
			sourceTree = "<group>";
		};
		041328141D056F270042CFE8 /* FSM */ = {
			isa = PBXGroup;
			children = (
				041328151D056F270042CFE8 /* FSMDefines.h */,
				041328161D056F270042CFE8 /* FSMEngine.h */,
				041328171D056F270042CFE8 /* FSMEngine.m */,
				041328181D056F270042CFE8 /* FSMStateUtil.h */,
				041328191D056F270042CFE8 /* FSMStateUtil.m */,
				0413281A1D056F270042CFE8 /* ReachState.h */,
				0413281B1D056F270042CFE8 /* ReachState.m */,
				0413281C1D056F270042CFE8 /* ReachStateLoading.h */,
				0413281D1D056F270042CFE8 /* ReachStateLoading.m */,
				0413281E1D056F270042CFE8 /* ReachStateUnloaded.h */,
				0413281F1D056F270042CFE8 /* ReachStateUnloaded.m */,
				041328201D056F270042CFE8 /* ReachStateUnReachable.h */,
				041328211D056F270042CFE8 /* ReachStateUnReachable.m */,
				041328221D056F270042CFE8 /* ReachStateWIFI.h */,
				041328231D056F270042CFE8 /* ReachStateWIFI.m */,
				041328241D056F270042CFE8 /* ReachStateWWAN.h */,
				041328251D056F270042CFE8 /* ReachStateWWAN.m */,
			);
			path = FSM;
			sourceTree = "<group>";
		};
		041328261D056F270042CFE8 /* Ping */ = {
			isa = PBXGroup;
			children = (
				041328271D056F270042CFE8 /* PingFoundation.h */,
				041328281D056F270042CFE8 /* PingFoundation.m */,
				041328291D056F270042CFE8 /* PingHelper.h */,
				0413282A1D056F270042CFE8 /* PingHelper.m */,
				0413282B1D056F270042CFE8 /* README.md */,
			);
			path = Ping;
			sourceTree = "<group>";
		};
		043BF9461CD8676100372213 = {
			isa = PBXGroup;
			children = (
				043BF9511CD8676100372213 /* BCAnimationKit */,
				043BF96B1CD8676100372213 /* BCAnimationKitTests */,
				043BF9761CD8676100372213 /* BCAnimationKitUITests */,
				043BF9501CD8676100372213 /* Products */,
			);
			sourceTree = "<group>";
		};
		043BF9501CD8676100372213 /* Products */ = {
			isa = PBXGroup;
			children = (
				043BF94F1CD8676100372213 /* BCAnimationKit.app */,
				043BF9681CD8676100372213 /* BCAnimationKitTests.xctest */,
				043BF9731CD8676100372213 /* BCAnimationKitUITests.xctest */,
			);
			name = Products;
			sourceTree = "<group>";
		};
		043BF9511CD8676100372213 /* BCAnimationKit */ = {
			isa = PBXGroup;
			children = (
				043BF9551CD8676100372213 /* AppDelegate.h */,
				043BF9561CD8676100372213 /* AppDelegate.m */,
				043BF9581CD8676100372213 /* ViewController.h */,
				043BF9591CD8676100372213 /* ViewController.m */,
				041328101D056F270042CFE8 /* RealReachability */,
				048FDB6A1CD9861600F10826 /* Animation */,
				043BF95E1CD8676100372213 /* Assets.xcassets */,
				043BF9601CD8676100372213 /* LaunchScreen.storyboard */,
				043BF9631CD8676100372213 /* Info.plist */,
				043BF9521CD8676100372213 /* Supporting Files */,
			);
			path = BCAnimationKit;
			sourceTree = "<group>";
		};
		043BF9521CD8676100372213 /* Supporting Files */ = {
			isa = PBXGroup;
			children = (
				04A4D67C1CFD2F9500A5BD35 /* 1.mp4 */,
				04A2EC3B1CF5A10B00DF79B7 /* icon_photo@2x.png */,
				04A2EC3C1CF5A10B00DF79B7 /* icon_photo@3x.png */,
				04A2EC371CF5A0F300DF79B7 /* icon_camera@2x.png */,
				04A2EC381CF5A0F300DF79B7 /* icon_camera@3x.png */,
				04A2EC351CF59F2400DF79B7 /* icon_menu_more.png */,
				04A2EC2F1CF5995C00DF79B7 /* icon_sendsound@3x.png */,
				04A2EC251CF5716A00DF79B7 /* chatfrom_bg_normal.png */,
				04A2EC261CF5716A00DF79B7 /* chatto_bg_normal.png */,
				04A2EC1D1CF56A0200DF79B7 /* chat_bg_default.jpg */,
				04A2EC151CF5493200DF79B7 /* whiteDown.png */,
				04A2EC161CF5493200DF79B7 /* whiteTop.png */,
				04AB05BF1CF2E21100C96F07 /* DazRing.png */,
				04AB05C11CF2E22500C96F07 /* DazStarOutline.png */,
				04A2EC311CF59AA000DF79B7 /* icon_keyboard.png */,
				04A2EC321CF59AA000DF79B7 /* icon_keyboard@3x.png */,
				04D2A3171CDC2FAE00376284 /* 美女.gif */,
				04F4F0741CD9E92200F46C7E /* bc.jpg */,
				04A4D67E1CFD352700A5BD35 /* keep6@2x.png */,
				04F4F0761CD9EC3800F46C7E /* bc1.jpg */,
				043BF9851CD8699800372213 /* head.jpg */,
				04F4F05D1CD9BBCA00F46C7E /* icon_arrow_right_d@2x.png */,
				04F4F05E1CD9BBCA00F46C7E /* icon_arrow_right_d@3x.png */,
				04D8788D1CDAE02F0015916C /* grade_star_fill@2x.png */,
				04D8788E1CDAE02F0015916C /* grade_star_fill@3x.png */,
				04D8788F1CDAE02F0015916C /* grade_star_path@2x.png */,
				04D878901CDAE02F0015916C /* grade_star_path@3x.png */,
				043BF9531CD8676100372213 /* main.m */,
				04F4F05C1CD9BA0D00F46C7E /* BCHeadFix.pch */,
			);
			name = "Supporting Files";
			sourceTree = "<group>";
		};
		043BF96B1CD8676100372213 /* BCAnimationKitTests */ = {
			isa = PBXGroup;
			children = (
				043BF96C1CD8676100372213 /* BCAnimationKitTests.m */,
				043BF96E1CD8676100372213 /* Info.plist */,
			);
			path = BCAnimationKitTests;
			sourceTree = "<group>";
		};
		043BF9761CD8676100372213 /* BCAnimationKitUITests */ = {
			isa = PBXGroup;
			children = (
				043BF9771CD8676100372213 /* BCAnimationKitUITests.m */,
				043BF9791CD8676100372213 /* Info.plist */,
			);
			path = BCAnimationKitUITests;
			sourceTree = "<group>";
		};
		0471D24E1CF52FAB00A0C8CB /* TableView展开 */ = {
			isa = PBXGroup;
			children = (
				0471D24F1CF52FD000A0C8CB /* TableScaleViewController.h */,
				0471D2501CF52FD000A0C8CB /* TableScaleViewController.m */,
				0471D2521CF530F300A0C8CB /* BCTableViewCell.h */,
				0471D2531CF530F300A0C8CB /* BCTableViewCell.m */,
			);
			name = "TableView展开";
			sourceTree = "<group>";
		};
		048FDB6A1CD9861600F10826 /* Animation */ = {
			isa = PBXGroup;
			children = (
				048FDB6B1CD9863F00F10826 /* BaseViewController.h */,
				048FDB6C1CD9863F00F10826 /* BaseViewController.m */,
				0492CC771CFFCE2A0027066B /* UIViewController+Test.h */,
				0492CC781CFFCE2A0027066B /* UIViewController+Test.m */,
				04DE7D431D0122B60088A654 /* BCKeyChain.h */,
				04DE7D441D0122B60088A654 /* BCKeyChain.m */,
				0413280D1D055F010042CFE8 /* BCClearCache.h */,
				0413280E1D055F010042CFE8 /* BCClearCache.m */,
				041328061D05498B0042CFE8 /* 分段视图 */,
				04D2A3191CDC619100376284 /* 图片点击放大旋转 */,
				0492CC911D002C6A0027066B /* 购物车动画 */,
				0492CC801CFFFC330027066B /* 转场动画 */,
				04CAF5F81CFD5EC1003FC72D /* 图片等待加载动画 */,
				04A4D6781CFD2E1300A5BD35 /* 几种引导页 */,
				0405DC3C1CFC4565003F2741 /* 数值改变动画 */,
				0405DC0B1CFC13F4003F2741 /* 语音识别 */,
				04A2EC191CF567CD00DF79B7 /* 聊天界面 */,
				0471D24E1CF52FAB00A0C8CB /* TableView展开 */,
				04E87B1C1CF450BC00076BE4 /* UIView放大动画 */,
				04E87B181CF427CA00076BE4 /* 辉光动画 */,
				04AB05C31CF2E55A00C96F07 /* CollectionView浏览图片 */,
				04AB05BB1CF2CFDC00C96F07 /* Calayer及其子类 */,
				04AB05B71CF28F5B00C96F07 /* 重力及碰撞 */,
				04B3AB3F1CE4260D000EC479 /* 3D浏览图片 */,
				04E72CD01CE411B3003FF8CD /* 关机动画 */,
				04E1A27F1CE326090055DDFB /* QQ电话动画 */,
				04E1A27B1CE2F7210055DDFB /* 果冻动画 */,
				04D2F9A81CE2BF8300140EE1 /* 夜间模式 */,
				04C9ACA81CE1B4D000BA3BDD /* 图片裁剪 */,
				04C9ACA11CE16BCF00BA3BDD /* 键盘自适应高度 */,
				04911D021CE07EE40004A5A4 /* 禁止复制粘贴 */,
				04D2A3111CDC2E8B00376284 /* 播放Gif */,
				048FECF81CDB4E3B00629D42 /* 发散按钮 */,
				04D878961CDB0DE20015916C /* 格式输入 */,
				04D878891CDADBB30015916C /* 评星 */,
				04F4F0701CD9E7E500F46C7E /* 无限轮播 */,
				04F4F06B1CD9DC9700F46C7E /* 上拉和下拉刷新 */,
				04F4F06A1CD9CD0300F46C7E /* 下拉放大 */,
				04F4F0691CD9CCEB00F46C7E /* 导航栏渐变 */,
				04F4F0671CD9CC1000F46C7E /* 点击左上角按钮 */,
			);
			name = Animation;
			sourceTree = "<group>";
		};
		048FECF81CDB4E3B00629D42 /* 发散按钮 */ = {
			isa = PBXGroup;
			children = (
				048FECF91CDB4E7D00629D42 /* DiffuseButtonViewController.h */,
				048FECFA1CDB4E7D00629D42 /* DiffuseButtonViewController.m */,
			);
			name = "发散按钮";
			sourceTree = "<group>";
		};
		04911D021CE07EE40004A5A4 /* 禁止复制粘贴 */ = {
			isa = PBXGroup;
			children = (
				04911D031CE07F550004A5A4 /* NonCopyViewController.h */,
				04911D041CE07F550004A5A4 /* NonCopyViewController.m */,
				04911D061CE07FDE0004A5A4 /* CustomTextView.h */,
				04911D071CE07FDE0004A5A4 /* CustomTextView.m */,
			);
			name = "禁止复制粘贴";
			sourceTree = "<group>";
		};
		0492CC801CFFFC330027066B /* 转场动画 */ = {
			isa = PBXGroup;
			children = (
				0492CC811CFFFC6D0027066B /* TransformViewController.h */,
				0492CC821CFFFC6D0027066B /* TransformViewController.m */,
				0492CC841D0002B10027066B /* SecondViewController.h */,
				0492CC851D0002B10027066B /* SecondViewController.m */,
			);
			name = "转场动画";
			sourceTree = "<group>";
		};
		0492CC911D002C6A0027066B /* 购物车动画 */ = {
			isa = PBXGroup;
			children = (
				0492CC921D002C830027066B /* PuchaseCarViewController.h */,
				0492CC931D002C830027066B /* PuchaseCarViewController.m */,
			);
			name = "购物车动画";
			sourceTree = "<group>";
		};
		04A2EC191CF567CD00DF79B7 /* 聊天界面 */ = {
			isa = PBXGroup;
			children = (
				04A2EC1A1CF567EE00DF79B7 /* MessageViewController.h */,
				04A2EC1B1CF567EE00DF79B7 /* MessageViewController.m */,
				04A2EC1F1CF56ACB00DF79B7 /* MessageCell.h */,
				04A2EC201CF56ACB00DF79B7 /* MessageCell.m */,
				04A2EC291CF5769F00DF79B7 /* MessageFrame.h */,
				04A2EC2A1CF5769F00DF79B7 /* MessageFrame.m */,
				04A2EC221CF56DF200DF79B7 /* MessageModel.h */,
				04A2EC231CF56DF200DF79B7 /* MessageModel.m */,
				04A2EC2C1CF5943000DF79B7 /* MessageEnterView.h */,
				04A2EC2D1CF5943000DF79B7 /* MessageEnterView.m */,
			);
			name = "聊天界面";
			sourceTree = "<group>";
		};
		04A4D6781CFD2E1300A5BD35 /* 几种引导页 */ = {
			isa = PBXGroup;
			children = (
				04A4D6791CFD2E3000A5BD35 /* ShowPageViewController.h */,
				04A4D67A1CFD2E3000A5BD35 /* ShowPageViewController.m */,
			);
			name = "几种引导页";
			sourceTree = "<group>";
		};
		04AB05B71CF28F5B00C96F07 /* 重力及碰撞 */ = {
			isa = PBXGroup;
			children = (
				04AB05B81CF28F8D00C96F07 /* GravityViewController.h */,
				04AB05B91CF28F8D00C96F07 /* GravityViewController.m */,
			);
			name = "重力及碰撞";
			sourceTree = "<group>";
		};
		04AB05BB1CF2CFDC00C96F07 /* Calayer及其子类 */ = {
			isa = PBXGroup;
			children = (
				04AB05BC1CF2D00100C96F07 /* CalayerViewController.h */,
				04AB05BD1CF2D00100C96F07 /* CalayerViewController.m */,
			);
			name = "Calayer及其子类";
			sourceTree = "<group>";
		};
		04AB05C31CF2E55A00C96F07 /* CollectionView浏览图片 */ = {
			isa = PBXGroup;
			children = (
				04AB05C41CF2E57D00C96F07 /* CollectionViewController.h */,
				04AB05C51CF2E57D00C96F07 /* CollectionViewController.m */,
				04AB05C71CF2E6A100C96F07 /* BCFlowLayout.h */,
				04AB05C81CF2E6A100C96F07 /* BCFlowLayout.m */,
				048BA6D81CF3E55A00185CAD /* BCCell.h */,
				048BA6D91CF3E55A00185CAD /* BCCell.m */,
				048BA6DA1CF3E55A00185CAD /* BCCell.xib */,
			);
			name = "CollectionView浏览图片";
			sourceTree = "<group>";
		};
		04B3AB3F1CE4260D000EC479 /* 3D浏览图片 */ = {
			isa = PBXGroup;
			children = (
				04B3AB431CE426B8000EC479 /* CubeViewController.h */,
				04B3AB441CE426B8000EC479 /* CubeViewController.m */,
			);
			name = "3D浏览图片";
			sourceTree = "<group>";
		};
		04C9ACA11CE16BCF00BA3BDD /* 键盘自适应高度 */ = {
			isa = PBXGroup;
			children = (
				04C9ACA21CE16C0E00BA3BDD /* KeyboardViewController.h */,
				04C9ACA31CE16C0E00BA3BDD /* KeyboardViewController.m */,
				04C9ACA51CE172A200BA3BDD /* UIScrollView+UITouch.h */,
				04C9ACA61CE172A200BA3BDD /* UIScrollView+UITouch.m */,
			);
			name = "键盘自适应高度";
			sourceTree = "<group>";
		};
		04C9ACA81CE1B4D000BA3BDD /* 图片裁剪 */ = {
			isa = PBXGroup;
			children = (
				04C9ACA91CE1B50500BA3BDD /* CorpImageViewController.h */,
				04C9ACAA1CE1B50500BA3BDD /* CorpImageViewController.m */,
			);
			name = "图片裁剪";
			sourceTree = "<group>";
		};
		04CAF5F81CFD5EC1003FC72D /* 图片等待加载动画 */ = {
			isa = PBXGroup;
			children = (
				04CAF5F91CFD5F0A003FC72D /* UIImageView+LoadImage.h */,
				04CAF5FA1CFD5F0A003FC72D /* UIImageView+LoadImage.m */,
				04CAF5FC1CFD5F44003FC72D /* LoadImageViewController.h */,
				04CAF5FD1CFD5F44003FC72D /* LoadImageViewController.m */,
			);
			name = "图片等待加载动画";
			sourceTree = "<group>";
		};
		04D2A3111CDC2E8B00376284 /* 播放Gif */ = {
			isa = PBXGroup;
			children = (
				04D2A3121CDC2EA500376284 /* GifPlayViewController.h */,
				04D2A3131CDC2EA500376284 /* GifPlayViewController.m */,
			);
			name = "播放Gif";
			sourceTree = "<group>";
		};
		04D2A3191CDC619100376284 /* 图片点击放大旋转 */ = {
			isa = PBXGroup;
			children = (
				04D2A31A1CDC61BA00376284 /* ClickImageViewController.h */,
				04D2A31B1CDC61BA00376284 /* ClickImageViewController.m */,
			);
			name = "图片点击放大旋转";
			sourceTree = "<group>";
		};
		04D2F9A81CE2BF8300140EE1 /* 夜间模式 */ = {
			isa = PBXGroup;
			children = (
				04D2F9A91CE2BFC100140EE1 /* NightModelViewController.h */,
				04D2F9AA1CE2BFC100140EE1 /* NightModelViewController.m */,
			);
			name = "夜间模式";
			sourceTree = "<group>";
		};
		04D878891CDADBB30015916C /* 评星 */ = {
			isa = PBXGroup;
			children = (
				04D8788A1CDADBE40015916C /* StarViewController.h */,
				04D8788B1CDADBE40015916C /* StarViewController.m */,
			);
			name = "评星";
			sourceTree = "<group>";
		};
		04D878961CDB0DE20015916C /* 格式输入 */ = {
			isa = PBXGroup;
			children = (
				04D878971CDB0DFC0015916C /* FormatterViewController.h */,
				04D878981CDB0DFC0015916C /* FormatterViewController.m */,
			);
			name = "格式输入";
			sourceTree = "<group>";
		};
		04E1A27B1CE2F7210055DDFB /* 果冻动画 */ = {
			isa = PBXGroup;
			children = (
				04E1A27C1CE2F7650055DDFB /* SpringViewController.h */,
				04E1A27D1CE2F7650055DDFB /* SpringViewController.m */,
			);
			name = "果冻动画";
			sourceTree = "<group>";
		};
		04E1A27F1CE326090055DDFB /* QQ电话动画 */ = {
			isa = PBXGroup;
			children = (
				04E1A2801CE326280055DDFB /* QQPhoneViewController.h */,
				04E1A2811CE326280055DDFB /* QQPhoneViewController.m */,
			);
			name = "QQ电话动画";
			sourceTree = "<group>";
		};
		04E72CD01CE411B3003FF8CD /* 关机动画 */ = {
			isa = PBXGroup;
			children = (
				04E72CD11CE411CD003FF8CD /* TurnOffViewController.h */,
				04E72CD21CE411CD003FF8CD /* TurnOffViewController.m */,
			);
			name = "关机动画";
			sourceTree = "<group>";
		};
		04E87B181CF427CA00076BE4 /* 辉光动画 */ = {
			isa = PBXGroup;
			children = (
				04E87B191CF427E800076BE4 /* ShimmerViewController.h */,
				04E87B1A1CF427E800076BE4 /* ShimmerViewController.m */,
			);
			name = "辉光动画";
			sourceTree = "<group>";
		};
		04E87B1C1CF450BC00076BE4 /* UIView放大动画 */ = {
			isa = PBXGroup;
			children = (
				04E87B1D1CF450D900076BE4 /* ScaleViewController.h */,
				04E87B1E1CF450D900076BE4 /* ScaleViewController.m */,
			);
			name = "UIView放大动画";
			sourceTree = "<group>";
		};
		04F4F0671CD9CC1000F46C7E /* 点击左上角按钮 */ = {
			isa = PBXGroup;
			children = (
				04F4F0611CD9C29900F46C7E /* ShoppingCartViewController.h */,
				04F4F0621CD9C29900F46C7E /* ShoppingCartViewController.m */,
				04F4F0641CD9C5F600F46C7E /* SuspendViewController.h */,
				04F4F0651CD9C5F600F46C7E /* SuspendViewController.m */,
			);
			name = "点击左上角按钮";
			sourceTree = "<group>";
		};
		04F4F0691CD9CCEB00F46C7E /* 导航栏渐变 */ = {
			isa = PBXGroup;
			children = (
				048FDB711CD991AA00F10826 /* NavbarGradientViewController.h */,
				048FDB721CD991AA00F10826 /* NavbarGradientViewController.m */,
				04EC9C8A1CD99C3F0012BA8E /* UINavigationBar+Gradient.h */,
				04EC9C8B1CD99C3F0012BA8E /* UINavigationBar+Gradient.m */,
			);
			name = "导航栏渐变";
			sourceTree = "<group>";
		};
		04F4F06A1CD9CD0300F46C7E /* 下拉放大 */ = {
			isa = PBXGroup;
			children = (
				048FDB6E1CD986B100F10826 /* DropEnlargeViewControler.h */,
				048FDB6F1CD986B100F10826 /* DropEnlargeViewControler.m */,
			);
			name = "下拉放大";
			sourceTree = "<group>";
		};
		04F4F06B1CD9DC9700F46C7E /* 上拉和下拉刷新 */ = {
			isa = PBXGroup;
			children = (
				04F4F06C1CD9DCB100F46C7E /* RefreshViewController.h */,
				04F4F06D1CD9DCB100F46C7E /* RefreshViewController.m */,
			);
			name = "上拉和下拉刷新";
			sourceTree = "<group>";
		};
		04F4F0701CD9E7E500F46C7E /* 无限轮播 */ = {
			isa = PBXGroup;
			children = (
				04F4F0711CD9E83200F46C7E /* CarouselViewController.h */,
				04F4F0721CD9E83200F46C7E /* CarouselViewController.m */,
			);
			name = "无限轮播";
			sourceTree = "<group>";
		};
/* End PBXGroup section */

/* Begin PBXNativeTarget section */
		043BF94E1CD8676100372213 /* BCAnimationKit */ = {
			isa = PBXNativeTarget;
			buildConfigurationList = 043BF97C1CD8676100372213 /* Build configuration list for PBXNativeTarget "BCAnimationKit" */;
			buildPhases = (
				043BF94B1CD8676100372213 /* Sources */,
				043BF94C1CD8676100372213 /* Frameworks */,
				043BF94D1CD8676100372213 /* Resources */,
			);
			buildRules = (
			);
			dependencies = (
			);
			name = BCAnimationKit;
			productName = BCAnimationKit;
			productReference = 043BF94F1CD8676100372213 /* BCAnimationKit.app */;
			productType = "com.apple.product-type.application";
		};
		043BF9671CD8676100372213 /* BCAnimationKitTests */ = {
			isa = PBXNativeTarget;
			buildConfigurationList = 043BF97F1CD8676100372213 /* Build configuration list for PBXNativeTarget "BCAnimationKitTests" */;
			buildPhases = (
				043BF9641CD8676100372213 /* Sources */,
				043BF9651CD8676100372213 /* Frameworks */,
				043BF9661CD8676100372213 /* Resources */,
			);
			buildRules = (
			);
			dependencies = (
				043BF96A1CD8676100372213 /* PBXTargetDependency */,
			);
			name = BCAnimationKitTests;
			productName = BCAnimationKitTests;
			productReference = 043BF9681CD8676100372213 /* BCAnimationKitTests.xctest */;
			productType = "com.apple.product-type.bundle.unit-test";
		};
		043BF9721CD8676100372213 /* BCAnimationKitUITests */ = {
			isa = PBXNativeTarget;
			buildConfigurationList = 043BF9821CD8676100372213 /* Build configuration list for PBXNativeTarget "BCAnimationKitUITests" */;
			buildPhases = (
				043BF96F1CD8676100372213 /* Sources */,
				043BF9701CD8676100372213 /* Frameworks */,
				043BF9711CD8676100372213 /* Resources */,
			);
			buildRules = (
			);
			dependencies = (
				043BF9751CD8676100372213 /* PBXTargetDependency */,
			);
			name = BCAnimationKitUITests;
			productName = BCAnimationKitUITests;
			productReference = 043BF9731CD8676100372213 /* BCAnimationKitUITests.xctest */;
			productType = "com.apple.product-type.bundle.ui-testing";
		};
/* End PBXNativeTarget section */

/* Begin PBXProject section */
		043BF9471CD8676100372213 /* Project object */ = {
			isa = PBXProject;
			attributes = {
				LastUpgradeCheck = 0710;
				ORGANIZATIONNAME = "毕研超";
				TargetAttributes = {
					043BF94E1CD8676100372213 = {
						CreatedOnToolsVersion = 7.1;
						DevelopmentTeam = NMXWWF4CQP;
					};
					043BF9671CD8676100372213 = {
						CreatedOnToolsVersion = 7.1;
						TestTargetID = 043BF94E1CD8676100372213;
					};
					043BF9721CD8676100372213 = {
						CreatedOnToolsVersion = 7.1;
						TestTargetID = 043BF94E1CD8676100372213;
					};
				};
			};
			buildConfigurationList = 043BF94A1CD8676100372213 /* Build configuration list for PBXProject "BCAnimationKit" */;
			compatibilityVersion = "Xcode 3.2";
			developmentRegion = English;
			hasScannedForEncodings = 0;
			knownRegions = (
				en,
				Base,
				"zh-Hans",
			);
			mainGroup = 043BF9461CD8676100372213;
			productRefGroup = 043BF9501CD8676100372213 /* Products */;
			projectDirPath = "";
			projectRoot = "";
			targets = (
				043BF94E1CD8676100372213 /* BCAnimationKit */,
				043BF9671CD8676100372213 /* BCAnimationKitTests */,
				043BF9721CD8676100372213 /* BCAnimationKitUITests */,
			);
		};
/* End PBXProject section */

/* Begin PBXResourcesBuildPhase section */
		043BF94D1CD8676100372213 /* Resources */ = {
			isa = PBXResourcesBuildPhase;
			buildActionMask = 2147483647;
			files = (
				04A4D67D1CFD33D100A5BD35 /* 1.mp4 in Resources */,
				04D878921CDAE02F0015916C /* grade_star_fill@3x.png in Resources */,
				048BA6DC1CF3E55A00185CAD /* BCCell.xib in Resources */,
				04A2EC281CF5716A00DF79B7 /* chatto_bg_normal.png in Resources */,
				04A2EC301CF5995C00DF79B7 /* icon_sendsound@3x.png in Resources */,
				04F4F0601CD9BBCA00F46C7E /* icon_arrow_right_d@3x.png in Resources */,
				04A4D67F1CFD352700A5BD35 /* keep6@2x.png in Resources */,
				04AB05C21CF2E22500C96F07 /* DazStarOutline.png in Resources */,
				04A2EC271CF5716A00DF79B7 /* chatfrom_bg_normal.png in Resources */,
				043BF9621CD8676100372213 /* LaunchScreen.storyboard in Resources */,
				04F4F0751CD9E92200F46C7E /* bc.jpg in Resources */,
				04A2EC3A1CF5A0F300DF79B7 /* icon_camera@3x.png in Resources */,
				04A2EC181CF5493200DF79B7 /* whiteTop.png in Resources */,
				04F4F0771CD9EC3800F46C7E /* bc1.jpg in Resources */,
				04D878941CDAE02F0015916C /* grade_star_path@3x.png in Resources */,
				04A2EC361CF59F2400DF79B7 /* icon_menu_more.png in Resources */,
				04D878931CDAE02F0015916C /* grade_star_path@2x.png in Resources */,
				04A2EC3D1CF5A10B00DF79B7 /* icon_photo@2x.png in Resources */,
				04A2EC391CF5A0F300DF79B7 /* icon_camera@2x.png in Resources */,
				04A2EC3E1CF5A10B00DF79B7 /* icon_photo@3x.png in Resources */,
				04A2EC1E1CF56A0200DF79B7 /* chat_bg_default.jpg in Resources */,
				04A2EC171CF5493200DF79B7 /* whiteDown.png in Resources */,
				04A2EC341CF59AA000DF79B7 /* icon_keyboard@3x.png in Resources */,
				04F4F05F1CD9BBCA00F46C7E /* icon_arrow_right_d@2x.png in Resources */,
				04AB05C01CF2E21100C96F07 /* DazRing.png in Resources */,
				04D878911CDAE02F0015916C /* grade_star_fill@2x.png in Resources */,
				043BF9861CD8699800372213 /* head.jpg in Resources */,
				04A2EC331CF59AA000DF79B7 /* icon_keyboard.png in Resources */,
				043BF95F1CD8676100372213 /* Assets.xcassets in Resources */,
				04D2A3181CDC2FAE00376284 /* 美女.gif in Resources */,
			);
			runOnlyForDeploymentPostprocessing = 0;
		};
		043BF9661CD8676100372213 /* Resources */ = {
			isa = PBXResourcesBuildPhase;
			buildActionMask = 2147483647;
			files = (
			);
			runOnlyForDeploymentPostprocessing = 0;
		};
		043BF9711CD8676100372213 /* Resources */ = {
			isa = PBXResourcesBuildPhase;
			buildActionMask = 2147483647;
			files = (
			);
			runOnlyForDeploymentPostprocessing = 0;
		};
/* End PBXResourcesBuildPhase section */

/* Begin PBXSourcesBuildPhase section */
		043BF94B1CD8676100372213 /* Sources */ = {
			isa = PBXSourcesBuildPhase;
			buildActionMask = 2147483647;
			files = (
				0405DC1C1CFC1A5C003F2741 /* ISRDataHelper.m in Sources */,
				04F4F0631CD9C29900F46C7E /* ShoppingCartViewController.m in Sources */,
				04E87B1F1CF450D900076BE4 /* ScaleViewController.m in Sources */,
				0471D2511CF52FD000A0C8CB /* TableScaleViewController.m in Sources */,
				04A2EC211CF56ACB00DF79B7 /* MessageCell.m in Sources */,
				0492CC941D002C830027066B /* PuchaseCarViewController.m in Sources */,
				041328321D056F270042CFE8 /* ReachStateLoading.m in Sources */,
				04D2A3141CDC2EA500376284 /* GifPlayViewController.m in Sources */,
				041328301D056F270042CFE8 /* FSMStateUtil.m in Sources */,
				04AB05C91CF2E6A100C96F07 /* BCFlowLayout.m in Sources */,
				048BA6DB1CF3E55A00185CAD /* BCCell.m in Sources */,
				0413280F1D055F010042CFE8 /* BCClearCache.m in Sources */,
				04A2EC1C1CF567EE00DF79B7 /* MessageViewController.m in Sources */,
				0492CC791CFFCE2A0027066B /* UIViewController+Test.m in Sources */,
				04911D051CE07F550004A5A4 /* NonCopyViewController.m in Sources */,
				04E72CD31CE411CD003FF8CD /* TurnOffViewController.m in Sources */,
				041328371D056F270042CFE8 /* PingFoundation.m in Sources */,
				04E87B1B1CF427E800076BE4 /* ShimmerViewController.m in Sources */,
				0405DC0E1CFC140C003F2741 /* SpeechViewController.m in Sources */,
				04DE7D451D0122B60088A654 /* BCKeyChain.m in Sources */,
				04A2EC2E1CF5943000DF79B7 /* MessageEnterView.m in Sources */,
				0492CC831CFFFC6D0027066B /* TransformViewController.m in Sources */,
				041328091D0549EB0042CFE8 /* SectionViewController.m in Sources */,
				04A2EC2B1CF5769F00DF79B7 /* MessageFrame.m in Sources */,
				0492CC861D0002B10027066B /* SecondViewController.m in Sources */,
				043BF95A1CD8676100372213 /* ViewController.m in Sources */,
				044552A31D0D2954001298D9 /* SpeechToTextViewController.m in Sources */,
				04A4D67B1CFD2E3000A5BD35 /* ShowPageViewController.m in Sources */,
				04B3AB451CE426B8000EC479 /* CubeViewController.m in Sources */,
				04EC9C8C1CD99C3F0012BA8E /* UINavigationBar+Gradient.m in Sources */,
				041328311D056F270042CFE8 /* ReachState.m in Sources */,
				048FDB6D1CD9863F00F10826 /* BaseViewController.m in Sources */,
				048FDB701CD986B100F10826 /* DropEnlargeViewControler.m in Sources */,
				04CAF5FB1CFD5F0A003FC72D /* UIImageView+LoadImage.m in Sources */,
				04D2F9AB1CE2BFC100140EE1 /* NightModelViewController.m in Sources */,
				0471D2541CF530F300A0C8CB /* BCTableViewCell.m in Sources */,
				0413282E1D056F270042CFE8 /* LocalConnection.m in Sources */,
				043BF9571CD8676100372213 /* AppDelegate.m in Sources */,
				0413283A1D056F270042CFE8 /* RealReachability.m in Sources */,
				041328351D056F270042CFE8 /* ReachStateWIFI.m in Sources */,
				0405DC3B1CFC4519003F2741 /* ValueChangeViewController.m in Sources */,
				0413282F1D056F270042CFE8 /* FSMEngine.m in Sources */,
				04C9ACA41CE16C0E00BA3BDD /* KeyboardViewController.m in Sources */,
				04C9ACAB1CE1B50500BA3BDD /* CorpImageViewController.m in Sources */,
				041328391D056F270042CFE8 /* README.md in Sources */,
				041328361D056F270042CFE8 /* ReachStateWWAN.m in Sources */,
				04911D081CE07FDE0004A5A4 /* CustomTextView.m in Sources */,
				04F4F0731CD9E83200F46C7E /* CarouselViewController.m in Sources */,
				04E1A2821CE326280055DDFB /* QQPhoneViewController.m in Sources */,
				04AB05C61CF2E57D00C96F07 /* CollectionViewController.m in Sources */,
				048FECFB1CDB4E7D00629D42 /* DiffuseButtonViewController.m in Sources */,
				04AB05BA1CF28F8D00C96F07 /* GravityViewController.m in Sources */,
				041328381D056F270042CFE8 /* PingHelper.m in Sources */,
				04AB05BE1CF2D00100C96F07 /* CalayerViewController.m in Sources */,
				041328331D056F270042CFE8 /* ReachStateUnloaded.m in Sources */,
				041328341D056F270042CFE8 /* ReachStateUnReachable.m in Sources */,
				04D878991CDB0DFC0015916C /* FormatterViewController.m in Sources */,
				04F4F06E1CD9DCB100F46C7E /* RefreshViewController.m in Sources */,
				04D8788C1CDADBE40015916C /* StarViewController.m in Sources */,
				04CAF5FE1CFD5F44003FC72D /* LoadImageViewController.m in Sources */,
				0413280C1D054A900042CFE8 /* BCSectionViewController.m in Sources */,
				048FDB731CD991AA00F10826 /* NavbarGradientViewController.m in Sources */,
				04D2A31C1CDC61BA00376284 /* ClickImageViewController.m in Sources */,
				04A2EC241CF56DF200DF79B7 /* MessageModel.m in Sources */,
				04C9ACA71CE172A200BA3BDD /* UIScrollView+UITouch.m in Sources */,
				04F4F0661CD9C5F600F46C7E /* SuspendViewController.m in Sources */,
				043BF9541CD8676100372213 /* main.m in Sources */,
				04E1A27E1CE2F7650055DDFB /* SpringViewController.m in Sources */,
			);
			runOnlyForDeploymentPostprocessing = 0;
		};
		043BF9641CD8676100372213 /* Sources */ = {
			isa = PBXSourcesBuildPhase;
			buildActionMask = 2147483647;
			files = (
				043BF96D1CD8676100372213 /* BCAnimationKitTests.m in Sources */,
			);
			runOnlyForDeploymentPostprocessing = 0;
		};
		043BF96F1CD8676100372213 /* Sources */ = {
			isa = PBXSourcesBuildPhase;
			buildActionMask = 2147483647;
			files = (
				043BF9781CD8676100372213 /* BCAnimationKitUITests.m in Sources */,
			);
			runOnlyForDeploymentPostprocessing = 0;
		};
/* End PBXSourcesBuildPhase section */

/* Begin PBXTargetDependency section */
		043BF96A1CD8676100372213 /* PBXTargetDependency */ = {
			isa = PBXTargetDependency;
			target = 043BF94E1CD8676100372213 /* BCAnimationKit */;
			targetProxy = 043BF9691CD8676100372213 /* PBXContainerItemProxy */;
		};
		043BF9751CD8676100372213 /* PBXTargetDependency */ = {
			isa = PBXTargetDependency;
			target = 043BF94E1CD8676100372213 /* BCAnimationKit */;
			targetProxy = 043BF9741CD8676100372213 /* PBXContainerItemProxy */;
		};
/* End PBXTargetDependency section */

/* Begin PBXVariantGroup section */
		043BF9601CD8676100372213 /* LaunchScreen.storyboard */ = {
			isa = PBXVariantGroup;
			children = (
				043BF9611CD8676100372213 /* Base */,
			);
			name = LaunchScreen.storyboard;
			sourceTree = "<group>";
		};
/* End PBXVariantGroup section */

/* Begin XCBuildConfiguration section */
		043BF97A1CD8676100372213 /* Debug */ = {
			isa = XCBuildConfiguration;
			buildSettings = {
				ALWAYS_SEARCH_USER_PATHS = NO;
				CLANG_CXX_LANGUAGE_STANDARD = "gnu++0x";
				CLANG_CXX_LIBRARY = "libc++";
				CLANG_ENABLE_MODULES = YES;
				CLANG_ENABLE_OBJC_ARC = YES;
				CLANG_WARN_BOOL_CONVERSION = YES;
				CLANG_WARN_CONSTANT_CONVERSION = YES;
				CLANG_WARN_DIRECT_OBJC_ISA_USAGE = YES_ERROR;
				CLANG_WARN_EMPTY_BODY = YES;
				CLANG_WARN_ENUM_CONVERSION = YES;
				CLANG_WARN_INT_CONVERSION = YES;
				CLANG_WARN_OBJC_ROOT_CLASS = YES_ERROR;
				CLANG_WARN_UNREACHABLE_CODE = YES;
				CLANG_WARN__DUPLICATE_METHOD_MATCH = YES;
				"CODE_SIGN_IDENTITY[sdk=iphoneos*]" = "iPhone Developer";
				COPY_PHASE_STRIP = NO;
				DEBUG_INFORMATION_FORMAT = dwarf;
				ENABLE_STRICT_OBJC_MSGSEND = YES;
				ENABLE_TESTABILITY = YES;
				GCC_C_LANGUAGE_STANDARD = gnu99;
				GCC_DYNAMIC_NO_PIC = NO;
				GCC_NO_COMMON_BLOCKS = YES;
				GCC_OPTIMIZATION_LEVEL = 0;
				GCC_PREPROCESSOR_DEFINITIONS = (
					"DEBUG=1",
					"$(inherited)",
				);
				GCC_WARN_64_TO_32_BIT_CONVERSION = YES;
				GCC_WARN_ABOUT_RETURN_TYPE = YES_ERROR;
				GCC_WARN_UNDECLARED_SELECTOR = YES;
				GCC_WARN_UNINITIALIZED_AUTOS = YES_AGGRESSIVE;
				GCC_WARN_UNUSED_FUNCTION = YES;
				GCC_WARN_UNUSED_VARIABLE = YES;
				IPHONEOS_DEPLOYMENT_TARGET = 9.1;
				MTL_ENABLE_DEBUG_INFO = YES;
				ONLY_ACTIVE_ARCH = YES;
				SDKROOT = iphoneos;
			};
			name = Debug;
		};
		043BF97B1CD8676100372213 /* Release */ = {
			isa = XCBuildConfiguration;
			buildSettings = {
				ALWAYS_SEARCH_USER_PATHS = NO;
				CLANG_CXX_LANGUAGE_STANDARD = "gnu++0x";
				CLANG_CXX_LIBRARY = "libc++";
				CLANG_ENABLE_MODULES = YES;
				CLANG_ENABLE_OBJC_ARC = YES;
				CLANG_WARN_BOOL_CONVERSION = YES;
				CLANG_WARN_CONSTANT_CONVERSION = YES;
				CLANG_WARN_DIRECT_OBJC_ISA_USAGE = YES_ERROR;
				CLANG_WARN_EMPTY_BODY = YES;
				CLANG_WARN_ENUM_CONVERSION = YES;
				CLANG_WARN_INT_CONVERSION = YES;
				CLANG_WARN_OBJC_ROOT_CLASS = YES_ERROR;
				CLANG_WARN_UNREACHABLE_CODE = YES;
				CLANG_WARN__DUPLICATE_METHOD_MATCH = YES;
				"CODE_SIGN_IDENTITY[sdk=iphoneos*]" = "iPhone Developer";
				COPY_PHASE_STRIP = NO;
				DEBUG_INFORMATION_FORMAT = "dwarf-with-dsym";
				ENABLE_NS_ASSERTIONS = NO;
				ENABLE_STRICT_OBJC_MSGSEND = YES;
				GCC_C_LANGUAGE_STANDARD = gnu99;
				GCC_NO_COMMON_BLOCKS = YES;
				GCC_WARN_64_TO_32_BIT_CONVERSION = YES;
				GCC_WARN_ABOUT_RETURN_TYPE = YES_ERROR;
				GCC_WARN_UNDECLARED_SELECTOR = YES;
				GCC_WARN_UNINITIALIZED_AUTOS = YES_AGGRESSIVE;
				GCC_WARN_UNUSED_FUNCTION = YES;
				GCC_WARN_UNUSED_VARIABLE = YES;
				IPHONEOS_DEPLOYMENT_TARGET = 9.1;
				MTL_ENABLE_DEBUG_INFO = NO;
				SDKROOT = iphoneos;
				VALIDATE_PRODUCT = YES;
			};
			name = Release;
		};
		043BF97D1CD8676100372213 /* Debug */ = {
			isa = XCBuildConfiguration;
			buildSettings = {
				ASSETCATALOG_COMPILER_APPICON_NAME = AppIcon;
				CODE_SIGN_IDENTITY = "iPhone Developer";
				ENABLE_BITCODE = NO;
				FRAMEWORK_SEARCH_PATHS = (
					"$(inherited)",
					"$(PROJECT_DIR)/BCAnimationKit",
				);
				GCC_PRECOMPILE_PREFIX_HEADER = YES;
				GCC_PREFIX_HEADER = "$(SRCROOT)/BCAnimationKit/BCheadFix.pch";
				HEADER_SEARCH_PATHS = (
					"$(SRCROOT)//Users/panyaping-mac/Downloads/iOS_voice_1128_57479cb8/lib",
					"$(inherited)",
				);
				INFOPLIST_FILE = BCAnimationKit/Info.plist;
				IPHONEOS_DEPLOYMENT_TARGET = 8.0;
				LD_RUNPATH_SEARCH_PATHS = "$(inherited) @executable_path/Frameworks";
				PRODUCT_BUNDLE_IDENTIFIER = HBSS.BCAnimationKit;
				PRODUCT_NAME = "$(TARGET_NAME)";
			};
			name = Debug;
		};
		043BF97E1CD8676100372213 /* Release */ = {
			isa = XCBuildConfiguration;
			buildSettings = {
				ASSETCATALOG_COMPILER_APPICON_NAME = AppIcon;
				CODE_SIGN_IDENTITY = "iPhone Developer";
				ENABLE_BITCODE = NO;
				FRAMEWORK_SEARCH_PATHS = (
					"$(inherited)",
					"$(PROJECT_DIR)/BCAnimationKit",
				);
				GCC_PRECOMPILE_PREFIX_HEADER = YES;
				GCC_PREFIX_HEADER = "$(SRCROOT)/BCAnimationKit/BCheadFix.pch";
				HEADER_SEARCH_PATHS = (
					"$(SRCROOT)//Users/panyaping-mac/Downloads/iOS_voice_1128_57479cb8/lib",
					"$(inherited)",
				);
				INFOPLIST_FILE = BCAnimationKit/Info.plist;
				IPHONEOS_DEPLOYMENT_TARGET = 8.0;
				LD_RUNPATH_SEARCH_PATHS = "$(inherited) @executable_path/Frameworks";
				PRODUCT_BUNDLE_IDENTIFIER = HBSS.BCAnimationKit;
				PRODUCT_NAME = "$(TARGET_NAME)";
			};
			name = Release;
		};
		043BF9801CD8676100372213 /* Debug */ = {
			isa = XCBuildConfiguration;
			buildSettings = {
				BUNDLE_LOADER = "$(TEST_HOST)";
				INFOPLIST_FILE = BCAnimationKitTests/Info.plist;
				LD_RUNPATH_SEARCH_PATHS = "$(inherited) @executable_path/Frameworks @loader_path/Frameworks";
				PRODUCT_BUNDLE_IDENTIFIER = HBSS.BCAnimationKitTests;
				PRODUCT_NAME = "$(TARGET_NAME)";
				TEST_HOST = "$(BUILT_PRODUCTS_DIR)/BCAnimationKit.app/BCAnimationKit";
			};
			name = Debug;
		};
		043BF9811CD8676100372213 /* Release */ = {
			isa = XCBuildConfiguration;
			buildSettings = {
				BUNDLE_LOADER = "$(TEST_HOST)";
				INFOPLIST_FILE = BCAnimationKitTests/Info.plist;
				LD_RUNPATH_SEARCH_PATHS = "$(inherited) @executable_path/Frameworks @loader_path/Frameworks";
				PRODUCT_BUNDLE_IDENTIFIER = HBSS.BCAnimationKitTests;
				PRODUCT_NAME = "$(TARGET_NAME)";
				TEST_HOST = "$(BUILT_PRODUCTS_DIR)/BCAnimationKit.app/BCAnimationKit";
			};
			name = Release;
		};
		043BF9831CD8676100372213 /* Debug */ = {
			isa = XCBuildConfiguration;
			buildSettings = {
				INFOPLIST_FILE = BCAnimationKitUITests/Info.plist;
				LD_RUNPATH_SEARCH_PATHS = "$(inherited) @executable_path/Frameworks @loader_path/Frameworks";
				PRODUCT_BUNDLE_IDENTIFIER = HBSS.BCAnimationKitUITests;
				PRODUCT_NAME = "$(TARGET_NAME)";
				TEST_TARGET_NAME = BCAnimationKit;
				USES_XCTRUNNER = YES;
			};
			name = Debug;
		};
		043BF9841CD8676100372213 /* Release */ = {
			isa = XCBuildConfiguration;
			buildSettings = {
				INFOPLIST_FILE = BCAnimationKitUITests/Info.plist;
				LD_RUNPATH_SEARCH_PATHS = "$(inherited) @executable_path/Frameworks @loader_path/Frameworks";
				PRODUCT_BUNDLE_IDENTIFIER = HBSS.BCAnimationKitUITests;
				PRODUCT_NAME = "$(TARGET_NAME)";
				TEST_TARGET_NAME = BCAnimationKit;
				USES_XCTRUNNER = YES;
			};
			name = Release;
		};
/* End XCBuildConfiguration section */

/* Begin XCConfigurationList section */
		043BF94A1CD8676100372213 /* Build configuration list for PBXProject "BCAnimationKit" */ = {
			isa = XCConfigurationList;
			buildConfigurations = (
				043BF97A1CD8676100372213 /* Debug */,
				043BF97B1CD8676100372213 /* Release */,
			);
			defaultConfigurationIsVisible = 0;
			defaultConfigurationName = Release;
		};
		043BF97C1CD8676100372213 /* Build configuration list for PBXNativeTarget "BCAnimationKit" */ = {
			isa = XCConfigurationList;
			buildConfigurations = (
				043BF97D1CD8676100372213 /* Debug */,
				043BF97E1CD8676100372213 /* Release */,
			);
			defaultConfigurationIsVisible = 0;
			defaultConfigurationName = Release;
		};
		043BF97F1CD8676100372213 /* Build configuration list for PBXNativeTarget "BCAnimationKitTests" */ = {
			isa = XCConfigurationList;
			buildConfigurations = (
				043BF9801CD8676100372213 /* Debug */,
				043BF9811CD8676100372213 /* Release */,
			);
			defaultConfigurationIsVisible = 0;
			defaultConfigurationName = Release;
		};
		043BF9821CD8676100372213 /* Build configuration list for PBXNativeTarget "BCAnimationKitUITests" */ = {
			isa = XCConfigurationList;
			buildConfigurations = (
				043BF9831CD8676100372213 /* Debug */,
				043BF9841CD8676100372213 /* Release */,
			);
			defaultConfigurationIsVisible = 0;
			defaultConfigurationName = Release;
		};
/* End XCConfigurationList section */
	};
	rootObject = 043BF9471CD8676100372213 /* Project object */;
}
